// !$*UTF8*$!
{
	archiveVersion = 1;
	classes = {
	};
	objectVersion = 55;
	objects = {

/* Begin PBXBuildFile section */
		0325066727B41156001159F4 /* CoinsTableViewModel.swift in Sources */ = {isa = PBXBuildFile; fileRef = 0325066627B41156001159F4 /* CoinsTableViewModel.swift */; };
		0325066F27B411DE001159F4 /* TableCell.swift in Sources */ = {isa = PBXBuildFile; fileRef = 0325066E27B411DE001159F4 /* TableCell.swift */; };
		0348CE6127B41BD60041B078 /* CoinsInteractor.swift in Sources */ = {isa = PBXBuildFile; fileRef = 0348CE6027B41BD60041B078 /* CoinsInteractor.swift */; };
		0348CE6827B41D080041B078 /* CoinDetailsViewModel.swift in Sources */ = {isa = PBXBuildFile; fileRef = 0348CE6727B41D080041B078 /* CoinDetailsViewModel.swift */; };
		0348CE6B27B420570041B078 /* CryptoCoin.swift in Sources */ = {isa = PBXBuildFile; fileRef = 0348CE6A27B420570041B078 /* CryptoCoin.swift */; };
		035BC5D827B301B900347740 /* AppDelegate.swift in Sources */ = {isa = PBXBuildFile; fileRef = 035BC5D727B301B900347740 /* AppDelegate.swift */; };
		035BC5DA27B301B900347740 /* SceneDelegate.swift in Sources */ = {isa = PBXBuildFile; fileRef = 035BC5D927B301B900347740 /* SceneDelegate.swift */; };
		035BC5DC27B301B900347740 /* CoinsTableViewController.swift in Sources */ = {isa = PBXBuildFile; fileRef = 035BC5DB27B301B900347740 /* CoinsTableViewController.swift */; };
		035BC5DF27B301B900347740 /* Main.storyboard in Resources */ = {isa = PBXBuildFile; fileRef = 035BC5DD27B301B900347740 /* Main.storyboard */; };
		035BC5E127B301BF00347740 /* Assets.xcassets in Resources */ = {isa = PBXBuildFile; fileRef = 035BC5E027B301BF00347740 /* Assets.xcassets */; };
		035BC5E427B301BF00347740 /* LaunchScreen.storyboard in Resources */ = {isa = PBXBuildFile; fileRef = 035BC5E227B301BF00347740 /* LaunchScreen.storyboard */; };
		035BC5EF27B3075E00347740 /* SettingsViewController.swift in Sources */ = {isa = PBXBuildFile; fileRef = 035BC5EE27B3075E00347740 /* SettingsViewController.swift */; };
		035BC5F327B309C100347740 /* Storyboarded.swift in Sources */ = {isa = PBXBuildFile; fileRef = 035BC5F227B309C100347740 /* Storyboarded.swift */; };
		035BC5F527B30A1000347740 /* CoinsCoordinator.swift in Sources */ = {isa = PBXBuildFile; fileRef = 035BC5F427B30A1000347740 /* CoinsCoordinator.swift */; };
		035BC5F727B30AB900347740 /* Coordinator.swift in Sources */ = {isa = PBXBuildFile; fileRef = 035BC5F627B30AB900347740 /* Coordinator.swift */; };
		035BC5F927B3111100347740 /* SettingsCoordinator.swift in Sources */ = {isa = PBXBuildFile; fileRef = 035BC5F827B3111100347740 /* SettingsCoordinator.swift */; };
		035BC5FB27B3124400347740 /* MainTabBarController.swift in Sources */ = {isa = PBXBuildFile; fileRef = 035BC5FA27B3124400347740 /* MainTabBarController.swift */; };
		035BC5FD27B3160800347740 /* CoinDetailsViewController.swift in Sources */ = {isa = PBXBuildFile; fileRef = 035BC5FC27B3160800347740 /* CoinDetailsViewController.swift */; };
		035BC5FF27B3161300347740 /* ExternalSettingsViewController.swift in Sources */ = {isa = PBXBuildFile; fileRef = 035BC5FE27B3161300347740 /* ExternalSettingsViewController.swift */; };
		035BC60127B3165000347740 /* ViewController.swift in Sources */ = {isa = PBXBuildFile; fileRef = 035BC60027B3165000347740 /* ViewController.swift */; };
		035BC60327B3186100347740 /* GeneralClosures.swift in Sources */ = {isa = PBXBuildFile; fileRef = 035BC60227B3186100347740 /* GeneralClosures.swift */; };
		036FC1EA27B7BC8D00DC5518 /* DataRequest.swift in Sources */ = {isa = PBXBuildFile; fileRef = 036FC1E927B7BC8D00DC5518 /* DataRequest.swift */; };
		036FC1EC27B7BCCB00DC5518 /* NetworkService.swift in Sources */ = {isa = PBXBuildFile; fileRef = 036FC1EB27B7BCCB00DC5518 /* NetworkService.swift */; };
		036FC1EF27B7BF2300DC5518 /* GetCryptoCoinsResponce.swift in Sources */ = {isa = PBXBuildFile; fileRef = 036FC1EE27B7BF2300DC5518 /* GetCryptoCoinsResponce.swift */; };
		036FC1F127B7BF6900DC5518 /* Requests.swift in Sources */ = {isa = PBXBuildFile; fileRef = 036FC1F027B7BF6900DC5518 /* Requests.swift */; };
		036FC1F327B7D62E00DC5518 /* UIImageView.swift in Sources */ = {isa = PBXBuildFile; fileRef = 036FC1F227B7D62E00DC5518 /* UIImageView.swift */; };
		036FC1F627B7E0A900DC5518 /* CryptoCoinCollectionViewCell.swift in Sources */ = {isa = PBXBuildFile; fileRef = 036FC1F427B7E0A900DC5518 /* CryptoCoinCollectionViewCell.swift */; };
		036FC1F727B7E0A900DC5518 /* CryptoCoinCollectionViewCell.xib in Resources */ = {isa = PBXBuildFile; fileRef = 036FC1F527B7E0A900DC5518 /* CryptoCoinCollectionViewCell.xib */; };
		038C9A2727B3B3FA0023CA36 /* Assembly.swift in Sources */ = {isa = PBXBuildFile; fileRef = 038C9A2627B3B3FA0023CA36 /* Assembly.swift */; };
		038C9A2927B3B5D70023CA36 /* CoinsAssembly.swift in Sources */ = {isa = PBXBuildFile; fileRef = 038C9A2827B3B5D70023CA36 /* CoinsAssembly.swift */; };
		038C9A2E27B408E50023CA36 /* SettingsAssembly.swift in Sources */ = {isa = PBXBuildFile; fileRef = 038C9A2D27B408E50023CA36 /* SettingsAssembly.swift */; };
		038C9A3027B40B300023CA36 /* MainCoordinator.swift in Sources */ = {isa = PBXBuildFile; fileRef = 038C9A2F27B40B300023CA36 /* MainCoordinator.swift */; };
		038ED65F27B6F55500926E4D /* CryptoCoinsAPIDataManager.swift in Sources */ = {isa = PBXBuildFile; fileRef = 038ED65E27B6F55500926E4D /* CryptoCoinsAPIDataManager.swift */; };
		B2DBCC5F608A1508242C1A1B /* Pods_CryptoStats.framework in Frameworks */ = {isa = PBXBuildFile; fileRef = 27B608CD1698CC75B06C69C2 /* Pods_CryptoStats.framework */; };
/* End PBXBuildFile section */

/* Begin PBXFileReference section */
		0325066627B41156001159F4 /* CoinsTableViewModel.swift */ = {isa = PBXFileReference; lastKnownFileType = sourcecode.swift; path = CoinsTableViewModel.swift; sourceTree = "<group>"; };
		0325066E27B411DE001159F4 /* TableCell.swift */ = {isa = PBXFileReference; lastKnownFileType = sourcecode.swift; path = TableCell.swift; sourceTree = "<group>"; };
		0348CE6027B41BD60041B078 /* CoinsInteractor.swift */ = {isa = PBXFileReference; lastKnownFileType = sourcecode.swift; path = CoinsInteractor.swift; sourceTree = "<group>"; };
		0348CE6727B41D080041B078 /* CoinDetailsViewModel.swift */ = {isa = PBXFileReference; lastKnownFileType = sourcecode.swift; path = CoinDetailsViewModel.swift; sourceTree = "<group>"; };
		0348CE6A27B420570041B078 /* CryptoCoin.swift */ = {isa = PBXFileReference; lastKnownFileType = sourcecode.swift; path = CryptoCoin.swift; sourceTree = "<group>"; };
		035BC5D427B301B900347740 /* CryptoStats.app */ = {isa = PBXFileReference; explicitFileType = wrapper.application; includeInIndex = 0; path = CryptoStats.app; sourceTree = BUILT_PRODUCTS_DIR; };
		035BC5D727B301B900347740 /* AppDelegate.swift */ = {isa = PBXFileReference; lastKnownFileType = sourcecode.swift; path = AppDelegate.swift; sourceTree = "<group>"; };
		035BC5D927B301B900347740 /* SceneDelegate.swift */ = {isa = PBXFileReference; lastKnownFileType = sourcecode.swift; path = SceneDelegate.swift; sourceTree = "<group>"; };
		035BC5DB27B301B900347740 /* CoinsTableViewController.swift */ = {isa = PBXFileReference; lastKnownFileType = sourcecode.swift; path = CoinsTableViewController.swift; sourceTree = "<group>"; };
		035BC5DE27B301B900347740 /* Base */ = {isa = PBXFileReference; lastKnownFileType = file.storyboard; name = Base; path = Base.lproj/Main.storyboard; sourceTree = "<group>"; };
		035BC5E027B301BF00347740 /* Assets.xcassets */ = {isa = PBXFileReference; lastKnownFileType = folder.assetcatalog; path = Assets.xcassets; sourceTree = "<group>"; };
		035BC5E327B301BF00347740 /* Base */ = {isa = PBXFileReference; lastKnownFileType = file.storyboard; name = Base; path = Base.lproj/LaunchScreen.storyboard; sourceTree = "<group>"; };
		035BC5E527B301BF00347740 /* Info.plist */ = {isa = PBXFileReference; lastKnownFileType = text.plist.xml; path = Info.plist; sourceTree = "<group>"; };
		035BC5EE27B3075E00347740 /* SettingsViewController.swift */ = {isa = PBXFileReference; lastKnownFileType = sourcecode.swift; path = SettingsViewController.swift; sourceTree = "<group>"; };
		035BC5F227B309C100347740 /* Storyboarded.swift */ = {isa = PBXFileReference; lastKnownFileType = sourcecode.swift; path = Storyboarded.swift; sourceTree = "<group>"; };
		035BC5F427B30A1000347740 /* CoinsCoordinator.swift */ = {isa = PBXFileReference; lastKnownFileType = sourcecode.swift; path = CoinsCoordinator.swift; sourceTree = "<group>"; };
		035BC5F627B30AB900347740 /* Coordinator.swift */ = {isa = PBXFileReference; lastKnownFileType = sourcecode.swift; path = Coordinator.swift; sourceTree = "<group>"; };
		035BC5F827B3111100347740 /* SettingsCoordinator.swift */ = {isa = PBXFileReference; lastKnownFileType = sourcecode.swift; path = SettingsCoordinator.swift; sourceTree = "<group>"; };
		035BC5FA27B3124400347740 /* MainTabBarController.swift */ = {isa = PBXFileReference; lastKnownFileType = sourcecode.swift; path = MainTabBarController.swift; sourceTree = "<group>"; };
		035BC5FC27B3160800347740 /* CoinDetailsViewController.swift */ = {isa = PBXFileReference; lastKnownFileType = sourcecode.swift; path = CoinDetailsViewController.swift; sourceTree = "<group>"; };
		035BC5FE27B3161300347740 /* ExternalSettingsViewController.swift */ = {isa = PBXFileReference; lastKnownFileType = sourcecode.swift; path = ExternalSettingsViewController.swift; sourceTree = "<group>"; };
		035BC60027B3165000347740 /* ViewController.swift */ = {isa = PBXFileReference; lastKnownFileType = sourcecode.swift; path = ViewController.swift; sourceTree = "<group>"; };
		035BC60227B3186100347740 /* GeneralClosures.swift */ = {isa = PBXFileReference; lastKnownFileType = sourcecode.swift; path = GeneralClosures.swift; sourceTree = "<group>"; };
		036FC1E927B7BC8D00DC5518 /* DataRequest.swift */ = {isa = PBXFileReference; lastKnownFileType = sourcecode.swift; path = DataRequest.swift; sourceTree = "<group>"; };
		036FC1EB27B7BCCB00DC5518 /* NetworkService.swift */ = {isa = PBXFileReference; lastKnownFileType = sourcecode.swift; path = NetworkService.swift; sourceTree = "<group>"; };
		036FC1EE27B7BF2300DC5518 /* GetCryptoCoinsResponce.swift */ = {isa = PBXFileReference; lastKnownFileType = sourcecode.swift; path = GetCryptoCoinsResponce.swift; sourceTree = "<group>"; };
		036FC1F027B7BF6900DC5518 /* Requests.swift */ = {isa = PBXFileReference; lastKnownFileType = sourcecode.swift; path = Requests.swift; sourceTree = "<group>"; };
		036FC1F227B7D62E00DC5518 /* UIImageView.swift */ = {isa = PBXFileReference; lastKnownFileType = sourcecode.swift; path = UIImageView.swift; sourceTree = "<group>"; };
		036FC1F427B7E0A900DC5518 /* CryptoCoinCollectionViewCell.swift */ = {isa = PBXFileReference; lastKnownFileType = sourcecode.swift; path = CryptoCoinCollectionViewCell.swift; sourceTree = "<group>"; };
		036FC1F527B7E0A900DC5518 /* CryptoCoinCollectionViewCell.xib */ = {isa = PBXFileReference; lastKnownFileType = file.xib; path = CryptoCoinCollectionViewCell.xib; sourceTree = "<group>"; };
		038C9A2627B3B3FA0023CA36 /* Assembly.swift */ = {isa = PBXFileReference; lastKnownFileType = sourcecode.swift; path = Assembly.swift; sourceTree = "<group>"; };
		038C9A2827B3B5D70023CA36 /* CoinsAssembly.swift */ = {isa = PBXFileReference; lastKnownFileType = sourcecode.swift; path = CoinsAssembly.swift; sourceTree = "<group>"; };
		038C9A2D27B408E50023CA36 /* SettingsAssembly.swift */ = {isa = PBXFileReference; lastKnownFileType = sourcecode.swift; path = SettingsAssembly.swift; sourceTree = "<group>"; };
		038C9A2F27B40B300023CA36 /* MainCoordinator.swift */ = {isa = PBXFileReference; lastKnownFileType = sourcecode.swift; path = MainCoordinator.swift; sourceTree = "<group>"; };
		038ED65E27B6F55500926E4D /* CryptoCoinsAPIDataManager.swift */ = {isa = PBXFileReference; lastKnownFileType = sourcecode.swift; path = CryptoCoinsAPIDataManager.swift; sourceTree = "<group>"; };
		27B608CD1698CC75B06C69C2 /* Pods_CryptoStats.framework */ = {isa = PBXFileReference; explicitFileType = wrapper.framework; includeInIndex = 0; path = Pods_CryptoStats.framework; sourceTree = BUILT_PRODUCTS_DIR; };
		BC9989F7124FD620EC5E5135 /* Pods-CryptoStats.release.xcconfig */ = {isa = PBXFileReference; includeInIndex = 1; lastKnownFileType = text.xcconfig; name = "Pods-CryptoStats.release.xcconfig"; path = "Target Support Files/Pods-CryptoStats/Pods-CryptoStats.release.xcconfig"; sourceTree = "<group>"; };
		FEFF1576C8A301F9545D7F1A /* Pods-CryptoStats.debug.xcconfig */ = {isa = PBXFileReference; includeInIndex = 1; lastKnownFileType = text.xcconfig; name = "Pods-CryptoStats.debug.xcconfig"; path = "Target Support Files/Pods-CryptoStats/Pods-CryptoStats.debug.xcconfig"; sourceTree = "<group>"; };
/* End PBXFileReference section */

/* Begin PBXFrameworksBuildPhase section */
		035BC5D127B301B900347740 /* Frameworks */ = {
			isa = PBXFrameworksBuildPhase;
			buildActionMask = 2147483647;
			files = (
				B2DBCC5F608A1508242C1A1B /* Pods_CryptoStats.framework in Frameworks */,
			);
			runOnlyForDeploymentPostprocessing = 0;
		};
/* End PBXFrameworksBuildPhase section */

/* Begin PBXGroup section */
		0325066527B410D3001159F4 /* CoinsTable */ = {
			isa = PBXGroup;
			children = (
				0325066827B4115F001159F4 /* CryptoCoinCollectionViewCell */,
				035BC5DB27B301B900347740 /* CoinsTableViewController.swift */,
				0325066627B41156001159F4 /* CoinsTableViewModel.swift */,
			);
			path = CoinsTable;
			sourceTree = "<group>";
		};
		0325066827B4115F001159F4 /* CryptoCoinCollectionViewCell */ = {
			isa = PBXGroup;
			children = (
				036FC1F427B7E0A900DC5518 /* CryptoCoinCollectionViewCell.swift */,
				036FC1F527B7E0A900DC5518 /* CryptoCoinCollectionViewCell.xib */,
			);
			path = CryptoCoinCollectionViewCell;
			sourceTree = "<group>";
		};
		0325066D27B411C6001159F4 /* BaseClasses */ = {
			isa = PBXGroup;
			children = (
				035BC60027B3165000347740 /* ViewController.swift */,
				0325066E27B411DE001159F4 /* TableCell.swift */,
			);
			path = BaseClasses;
			sourceTree = "<group>";
		};
		0348CE5F27B41BCC0041B078 /* Interactors */ = {
			isa = PBXGroup;
			children = (
				0348CE6027B41BD60041B078 /* CoinsInteractor.swift */,
			);
			path = Interactors;
			sourceTree = "<group>";
		};
		0348CE6227B41C650041B078 /* Core */ = {
			isa = PBXGroup;
			children = (
				036FC1E827B7BC8300DC5518 /* API */,
				0348CE5F27B41BCC0041B078 /* Interactors */,
				0348CE6327B41C9F0041B078 /* DataManagers */,
				0348CE6427B41CA60041B078 /* Models */,
			);
			path = Core;
			sourceTree = "<group>";
		};
		0348CE6327B41C9F0041B078 /* DataManagers */ = {
			isa = PBXGroup;
			children = (
				038ED65E27B6F55500926E4D /* CryptoCoinsAPIDataManager.swift */,
			);
			path = DataManagers;
			sourceTree = "<group>";
		};
		0348CE6427B41CA60041B078 /* Models */ = {
			isa = PBXGroup;
			children = (
				036FC1ED27B7BF0E00DC5518 /* CryptoCoin */,
			);
			path = Models;
			sourceTree = "<group>";
		};
		0348CE6527B41CDA0041B078 /* Settings */ = {
			isa = PBXGroup;
			children = (
				035BC5EE27B3075E00347740 /* SettingsViewController.swift */,
			);
			path = Settings;
			sourceTree = "<group>";
		};
		0348CE6627B41CE40041B078 /* CoinDetails */ = {
			isa = PBXGroup;
			children = (
				035BC5FC27B3160800347740 /* CoinDetailsViewController.swift */,
				0348CE6727B41D080041B078 /* CoinDetailsViewModel.swift */,
			);
			path = CoinDetails;
			sourceTree = "<group>";
		};
		035BC5CB27B301B900347740 = {
			isa = PBXGroup;
			children = (
				035BC5D627B301B900347740 /* CryptoStats */,
				035BC5D527B301B900347740 /* Products */,
				C4A966D527D088A43691756C /* Pods */,
				581E885970D83AA8C6D9348C /* Frameworks */,
			);
			sourceTree = "<group>";
		};
		035BC5D527B301B900347740 /* Products */ = {
			isa = PBXGroup;
			children = (
				035BC5D427B301B900347740 /* CryptoStats.app */,
			);
			name = Products;
			sourceTree = "<group>";
		};
		035BC5D627B301B900347740 /* CryptoStats */ = {
			isa = PBXGroup;
			children = (
				035BC5ED27B3024F00347740 /* Screens */,
				035BC5EB27B301CF00347740 /* MainDelegates */,
				035BC5EC27B3024600347740 /* Coordinators */,
				038C9A2527B3B3ED0023CA36 /* Assembly */,
				035BC5F027B307E400347740 /* Protocols */,
				035BC5F127B307F000347740 /* Utils */,
				0348CE6227B41C650041B078 /* Core */,
				035BC5DD27B301B900347740 /* Main.storyboard */,
				035BC5E027B301BF00347740 /* Assets.xcassets */,
				035BC5E227B301BF00347740 /* LaunchScreen.storyboard */,
				035BC5E527B301BF00347740 /* Info.plist */,
			);
			path = CryptoStats;
			sourceTree = "<group>";
		};
		035BC5EB27B301CF00347740 /* MainDelegates */ = {
			isa = PBXGroup;
			children = (
				035BC5D727B301B900347740 /* AppDelegate.swift */,
				035BC5D927B301B900347740 /* SceneDelegate.swift */,
			);
			path = MainDelegates;
			sourceTree = "<group>";
		};
		035BC5EC27B3024600347740 /* Coordinators */ = {
			isa = PBXGroup;
			children = (
				038C9A2F27B40B300023CA36 /* MainCoordinator.swift */,
				035BC5F427B30A1000347740 /* CoinsCoordinator.swift */,
				035BC5F827B3111100347740 /* SettingsCoordinator.swift */,
				035BC5FA27B3124400347740 /* MainTabBarController.swift */,
			);
			path = Coordinators;
			sourceTree = "<group>";
		};
		035BC5ED27B3024F00347740 /* Screens */ = {
			isa = PBXGroup;
			children = (
				0325066527B410D3001159F4 /* CoinsTable */,
				0348CE6627B41CE40041B078 /* CoinDetails */,
				0348CE6527B41CDA0041B078 /* Settings */,
				035BC5FE27B3161300347740 /* ExternalSettingsViewController.swift */,
			);
			path = Screens;
			sourceTree = "<group>";
		};
		035BC5F027B307E400347740 /* Protocols */ = {
			isa = PBXGroup;
			children = (
				035BC5F227B309C100347740 /* Storyboarded.swift */,
				035BC5F627B30AB900347740 /* Coordinator.swift */,
			);
			path = Protocols;
			sourceTree = "<group>";
		};
		035BC5F127B307F000347740 /* Utils */ = {
			isa = PBXGroup;
			children = (
				0325066D27B411C6001159F4 /* BaseClasses */,
				038C9A2C27B3B7540023CA36 /* UIKit */,
				035BC60227B3186100347740 /* GeneralClosures.swift */,
			);
			path = Utils;
			sourceTree = "<group>";
		};
		036FC1E827B7BC8300DC5518 /* API */ = {
			isa = PBXGroup;
			children = (
				036FC1E927B7BC8D00DC5518 /* DataRequest.swift */,
				036FC1EB27B7BCCB00DC5518 /* NetworkService.swift */,
				036FC1F027B7BF6900DC5518 /* Requests.swift */,
			);
			path = API;
			sourceTree = "<group>";
		};
		036FC1ED27B7BF0E00DC5518 /* CryptoCoin */ = {
			isa = PBXGroup;
			children = (
				0348CE6A27B420570041B078 /* CryptoCoin.swift */,
				036FC1EE27B7BF2300DC5518 /* GetCryptoCoinsResponce.swift */,
			);
			path = CryptoCoin;
			sourceTree = "<group>";
		};
		038C9A2527B3B3ED0023CA36 /* Assembly */ = {
			isa = PBXGroup;
			children = (
				038C9A2627B3B3FA0023CA36 /* Assembly.swift */,
				038C9A2827B3B5D70023CA36 /* CoinsAssembly.swift */,
				038C9A2D27B408E50023CA36 /* SettingsAssembly.swift */,
			);
			path = Assembly;
			sourceTree = "<group>";
		};
		038C9A2C27B3B7540023CA36 /* UIKit */ = {
			isa = PBXGroup;
			children = (
				036FC1F227B7D62E00DC5518 /* UIImageView.swift */,
			);
			path = UIKit;
			sourceTree = "<group>";
		};
		581E885970D83AA8C6D9348C /* Frameworks */ = {
			isa = PBXGroup;
			children = (
				27B608CD1698CC75B06C69C2 /* Pods_CryptoStats.framework */,
			);
			name = Frameworks;
			sourceTree = "<group>";
		};
		C4A966D527D088A43691756C /* Pods */ = {
			isa = PBXGroup;
			children = (
				FEFF1576C8A301F9545D7F1A /* Pods-CryptoStats.debug.xcconfig */,
				BC9989F7124FD620EC5E5135 /* Pods-CryptoStats.release.xcconfig */,
			);
			path = Pods;
			sourceTree = "<group>";
		};
/* End PBXGroup section */

/* Begin PBXNativeTarget section */
		035BC5D327B301B900347740 /* CryptoStats */ = {
			isa = PBXNativeTarget;
			buildConfigurationList = 035BC5E827B301BF00347740 /* Build configuration list for PBXNativeTarget "CryptoStats" */;
			buildPhases = (
				1D156F91D04E3001E469C739 /* [CP] Check Pods Manifest.lock */,
				035BC5D027B301B900347740 /* Sources */,
				035BC5D127B301B900347740 /* Frameworks */,
				035BC5D227B301B900347740 /* Resources */,
				AC4BA03D77EDEF0A8A3421EC /* [CP] Embed Pods Frameworks */,
			);
			buildRules = (
			);
			dependencies = (
			);
			name = CryptoStats;
			productName = CryptoStats;
			productReference = 035BC5D427B301B900347740 /* CryptoStats.app */;
			productType = "com.apple.product-type.application";
		};
/* End PBXNativeTarget section */

/* Begin PBXProject section */
		035BC5CC27B301B900347740 /* Project object */ = {
			isa = PBXProject;
			attributes = {
				BuildIndependentTargetsInParallel = 1;
				LastSwiftUpdateCheck = 1310;
				LastUpgradeCheck = 1310;
				TargetAttributes = {
					035BC5D327B301B900347740 = {
						CreatedOnToolsVersion = 13.1;
					};
				};
			};
			buildConfigurationList = 035BC5CF27B301B900347740 /* Build configuration list for PBXProject "CryptoStats" */;
			compatibilityVersion = "Xcode 13.0";
			developmentRegion = en;
			hasScannedForEncodings = 0;
			knownRegions = (
				en,
				Base,
			);
			mainGroup = 035BC5CB27B301B900347740;
			productRefGroup = 035BC5D527B301B900347740 /* Products */;
			projectDirPath = "";
			projectRoot = "";
			targets = (
				035BC5D327B301B900347740 /* CryptoStats */,
			);
		};
/* End PBXProject section */

/* Begin PBXResourcesBuildPhase section */
		035BC5D227B301B900347740 /* Resources */ = {
			isa = PBXResourcesBuildPhase;
			buildActionMask = 2147483647;
			files = (
				036FC1F727B7E0A900DC5518 /* CryptoCoinCollectionViewCell.xib in Resources */,
				035BC5E427B301BF00347740 /* LaunchScreen.storyboard in Resources */,
				035BC5E127B301BF00347740 /* Assets.xcassets in Resources */,
				035BC5DF27B301B900347740 /* Main.storyboard in Resources */,
			);
			runOnlyForDeploymentPostprocessing = 0;
		};
/* End PBXResourcesBuildPhase section */

/* Begin PBXShellScriptBuildPhase section */
		1D156F91D04E3001E469C739 /* [CP] Check Pods Manifest.lock */ = {
			isa = PBXShellScriptBuildPhase;
			buildActionMask = 2147483647;
			files = (
			);
			inputFileListPaths = (
			);
			inputPaths = (
				"${PODS_PODFILE_DIR_PATH}/Podfile.lock",
				"${PODS_ROOT}/Manifest.lock",
			);
			name = "[CP] Check Pods Manifest.lock";
			outputFileListPaths = (
			);
			outputPaths = (
				"$(DERIVED_FILE_DIR)/Pods-CryptoStats-checkManifestLockResult.txt",
			);
			runOnlyForDeploymentPostprocessing = 0;
			shellPath = /bin/sh;
			shellScript = "diff \"${PODS_PODFILE_DIR_PATH}/Podfile.lock\" \"${PODS_ROOT}/Manifest.lock\" > /dev/null\nif [ $? != 0 ] ; then\n    # print error to STDERR\n    echo \"error: The sandbox is not in sync with the Podfile.lock. Run 'pod install' or update your CocoaPods installation.\" >&2\n    exit 1\nfi\n# This output is used by Xcode 'outputs' to avoid re-running this script phase.\necho \"SUCCESS\" > \"${SCRIPT_OUTPUT_FILE_0}\"\n";
			showEnvVarsInLog = 0;
		};
		AC4BA03D77EDEF0A8A3421EC /* [CP] Embed Pods Frameworks */ = {
			isa = PBXShellScriptBuildPhase;
			buildActionMask = 2147483647;
			files = (
			);
			inputFileListPaths = (
				"${PODS_ROOT}/Target Support Files/Pods-CryptoStats/Pods-CryptoStats-frameworks-${CONFIGURATION}-input-files.xcfilelist",
			);
			name = "[CP] Embed Pods Frameworks";
			outputFileListPaths = (
				"${PODS_ROOT}/Target Support Files/Pods-CryptoStats/Pods-CryptoStats-frameworks-${CONFIGURATION}-output-files.xcfilelist",
			);
			runOnlyForDeploymentPostprocessing = 0;
			shellPath = /bin/sh;
			shellScript = "\"${PODS_ROOT}/Target Support Files/Pods-CryptoStats/Pods-CryptoStats-frameworks.sh\"\n";
			showEnvVarsInLog = 0;
		};
/* End PBXShellScriptBuildPhase section */

/* Begin PBXSourcesBuildPhase section */
		035BC5D027B301B900347740 /* Sources */ = {
			isa = PBXSourcesBuildPhase;
			buildActionMask = 2147483647;
			files = (
				038C9A2927B3B5D70023CA36 /* CoinsAssembly.swift in Sources */,
				035BC5DC27B301B900347740 /* CoinsTableViewController.swift in Sources */,
				0325066F27B411DE001159F4 /* TableCell.swift in Sources */,
				036FC1F327B7D62E00DC5518 /* UIImageView.swift in Sources */,
				038C9A2E27B408E50023CA36 /* SettingsAssembly.swift in Sources */,
				035BC5F927B3111100347740 /* SettingsCoordinator.swift in Sources */,
				036FC1F127B7BF6900DC5518 /* Requests.swift in Sources */,
				036FC1EC27B7BCCB00DC5518 /* NetworkService.swift in Sources */,
				035BC5FD27B3160800347740 /* CoinDetailsViewController.swift in Sources */,
				0348CE6827B41D080041B078 /* CoinDetailsViewModel.swift in Sources */,
				036FC1F627B7E0A900DC5518 /* CryptoCoinCollectionViewCell.swift in Sources */,
				036FC1EF27B7BF2300DC5518 /* GetCryptoCoinsResponce.swift in Sources */,
				036FC1EA27B7BC8D00DC5518 /* DataRequest.swift in Sources */,
				038C9A2727B3B3FA0023CA36 /* Assembly.swift in Sources */,
				0348CE6127B41BD60041B078 /* CoinsInteractor.swift in Sources */,
				038C9A3027B40B300023CA36 /* MainCoordinator.swift in Sources */,
				035BC5FB27B3124400347740 /* MainTabBarController.swift in Sources */,
				035BC5D827B301B900347740 /* AppDelegate.swift in Sources */,
				035BC5F527B30A1000347740 /* CoinsCoordinator.swift in Sources */,
				0348CE6B27B420570041B078 /* CryptoCoin.swift in Sources */,
				0325066727B41156001159F4 /* CoinsTableViewModel.swift in Sources */,
				035BC60327B3186100347740 /* GeneralClosures.swift in Sources */,
				035BC60127B3165000347740 /* ViewController.swift in Sources */,
				035BC5F327B309C100347740 /* Storyboarded.swift in Sources */,
				035BC5DA27B301B900347740 /* SceneDelegate.swift in Sources */,
				035BC5FF27B3161300347740 /* ExternalSettingsViewController.swift in Sources */,
				038ED65F27B6F55500926E4D /* CryptoCoinsAPIDataManager.swift in Sources */,
				035BC5EF27B3075E00347740 /* SettingsViewController.swift in Sources */,
				035BC5F727B30AB900347740 /* Coordinator.swift in Sources */,
			);
			runOnlyForDeploymentPostprocessing = 0;
		};
/* End PBXSourcesBuildPhase section */

/* Begin PBXVariantGroup section */
		035BC5DD27B301B900347740 /* Main.storyboard */ = {
			isa = PBXVariantGroup;
			children = (
				035BC5DE27B301B900347740 /* Base */,
			);
			name = Main.storyboard;
			sourceTree = "<group>";
		};
		035BC5E227B301BF00347740 /* LaunchScreen.storyboard */ = {
			isa = PBXVariantGroup;
			children = (
				035BC5E327B301BF00347740 /* Base */,
			);
			name = LaunchScreen.storyboard;
			sourceTree = "<group>";
		};
/* End PBXVariantGroup section */

/* Begin XCBuildConfiguration section */
		035BC5E627B301BF00347740 /* Debug */ = {
			isa = XCBuildConfiguration;
			buildSettings = {
				ALWAYS_SEARCH_USER_PATHS = NO;
				CLANG_ANALYZER_NONNULL = YES;
				CLANG_ANALYZER_NUMBER_OBJECT_CONVERSION = YES_AGGRESSIVE;
				CLANG_CXX_LANGUAGE_STANDARD = "gnu++17";
				CLANG_CXX_LIBRARY = "libc++";
				CLANG_ENABLE_MODULES = YES;
				CLANG_ENABLE_OBJC_ARC = YES;
				CLANG_ENABLE_OBJC_WEAK = YES;
				CLANG_WARN_BLOCK_CAPTURE_AUTORELEASING = YES;
				CLANG_WARN_BOOL_CONVERSION = YES;
				CLANG_WARN_COMMA = YES;
				CLANG_WARN_CONSTANT_CONVERSION = YES;
				CLANG_WARN_DEPRECATED_OBJC_IMPLEMENTATIONS = YES;
				CLANG_WARN_DIRECT_OBJC_ISA_USAGE = YES_ERROR;
				CLANG_WARN_DOCUMENTATION_COMMENTS = YES;
				CLANG_WARN_EMPTY_BODY = YES;
				CLANG_WARN_ENUM_CONVERSION = YES;
				CLANG_WARN_INFINITE_RECURSION = YES;
				CLANG_WARN_INT_CONVERSION = YES;
				CLANG_WARN_NON_LITERAL_NULL_CONVERSION = YES;
				CLANG_WARN_OBJC_IMPLICIT_RETAIN_SELF = YES;
				CLANG_WARN_OBJC_LITERAL_CONVERSION = YES;
				CLANG_WARN_OBJC_ROOT_CLASS = YES_ERROR;
				CLANG_WARN_QUOTED_INCLUDE_IN_FRAMEWORK_HEADER = YES;
				CLANG_WARN_RANGE_LOOP_ANALYSIS = YES;
				CLANG_WARN_STRICT_PROTOTYPES = YES;
				CLANG_WARN_SUSPICIOUS_MOVE = YES;
				CLANG_WARN_UNGUARDED_AVAILABILITY = YES_AGGRESSIVE;
				CLANG_WARN_UNREACHABLE_CODE = YES;
				CLANG_WARN__DUPLICATE_METHOD_MATCH = YES;
				COPY_PHASE_STRIP = NO;
				DEBUG_INFORMATION_FORMAT = dwarf;
				ENABLE_STRICT_OBJC_MSGSEND = YES;
				ENABLE_TESTABILITY = YES;
				GCC_C_LANGUAGE_STANDARD = gnu11;
				GCC_DYNAMIC_NO_PIC = NO;
				GCC_NO_COMMON_BLOCKS = YES;
				GCC_OPTIMIZATION_LEVEL = 0;
				GCC_PREPROCESSOR_DEFINITIONS = (
					"DEBUG=1",
					"$(inherited)",
				);
				GCC_WARN_64_TO_32_BIT_CONVERSION = YES;
				GCC_WARN_ABOUT_RETURN_TYPE = YES_ERROR;
				GCC_WARN_UNDECLARED_SELECTOR = YES;
				GCC_WARN_UNINITIALIZED_AUTOS = YES_AGGRESSIVE;
				GCC_WARN_UNUSED_FUNCTION = YES;
				GCC_WARN_UNUSED_VARIABLE = YES;
				IPHONEOS_DEPLOYMENT_TARGET = 15.0;
				MTL_ENABLE_DEBUG_INFO = INCLUDE_SOURCE;
				MTL_FAST_MATH = YES;
				ONLY_ACTIVE_ARCH = YES;
				SDKROOT = iphoneos;
				SWIFT_ACTIVE_COMPILATION_CONDITIONS = DEBUG;
				SWIFT_OPTIMIZATION_LEVEL = "-Onone";
			};
			name = Debug;
		};
		035BC5E727B301BF00347740 /* Release */ = {
			isa = XCBuildConfiguration;
			buildSettings = {
				ALWAYS_SEARCH_USER_PATHS = NO;
				CLANG_ANALYZER_NONNULL = YES;
				CLANG_ANALYZER_NUMBER_OBJECT_CONVERSION = YES_AGGRESSIVE;
				CLANG_CXX_LANGUAGE_STANDARD = "gnu++17";
				CLANG_CXX_LIBRARY = "libc++";
				CLANG_ENABLE_MODULES = YES;
				CLANG_ENABLE_OBJC_ARC = YES;
				CLANG_ENABLE_OBJC_WEAK = YES;
				CLANG_WARN_BLOCK_CAPTURE_AUTORELEASING = YES;
				CLANG_WARN_BOOL_CONVERSION = YES;
				CLANG_WARN_COMMA = YES;
				CLANG_WARN_CONSTANT_CONVERSION = YES;
				CLANG_WARN_DEPRECATED_OBJC_IMPLEMENTATIONS = YES;
				CLANG_WARN_DIRECT_OBJC_ISA_USAGE = YES_ERROR;
				CLANG_WARN_DOCUMENTATION_COMMENTS = YES;
				CLANG_WARN_EMPTY_BODY = YES;
				CLANG_WARN_ENUM_CONVERSION = YES;
				CLANG_WARN_INFINITE_RECURSION = YES;
				CLANG_WARN_INT_CONVERSION = YES;
				CLANG_WARN_NON_LITERAL_NULL_CONVERSION = YES;
				CLANG_WARN_OBJC_IMPLICIT_RETAIN_SELF = YES;
				CLANG_WARN_OBJC_LITERAL_CONVERSION = YES;
				CLANG_WARN_OBJC_ROOT_CLASS = YES_ERROR;
				CLANG_WARN_QUOTED_INCLUDE_IN_FRAMEWORK_HEADER = YES;
				CLANG_WARN_RANGE_LOOP_ANALYSIS = YES;
				CLANG_WARN_STRICT_PROTOTYPES = YES;
				CLANG_WARN_SUSPICIOUS_MOVE = YES;
				CLANG_WARN_UNGUARDED_AVAILABILITY = YES_AGGRESSIVE;
				CLANG_WARN_UNREACHABLE_CODE = YES;
				CLANG_WARN__DUPLICATE_METHOD_MATCH = YES;
				COPY_PHASE_STRIP = NO;
				DEBUG_INFORMATION_FORMAT = "dwarf-with-dsym";
				ENABLE_NS_ASSERTIONS = NO;
				ENABLE_STRICT_OBJC_MSGSEND = YES;
				GCC_C_LANGUAGE_STANDARD = gnu11;
				GCC_NO_COMMON_BLOCKS = YES;
				GCC_WARN_64_TO_32_BIT_CONVERSION = YES;
				GCC_WARN_ABOUT_RETURN_TYPE = YES_ERROR;
				GCC_WARN_UNDECLARED_SELECTOR = YES;
				GCC_WARN_UNINITIALIZED_AUTOS = YES_AGGRESSIVE;
				GCC_WARN_UNUSED_FUNCTION = YES;
				GCC_WARN_UNUSED_VARIABLE = YES;
				IPHONEOS_DEPLOYMENT_TARGET = 15.0;
				MTL_ENABLE_DEBUG_INFO = NO;
				MTL_FAST_MATH = YES;
				SDKROOT = iphoneos;
				SWIFT_COMPILATION_MODE = wholemodule;
				SWIFT_OPTIMIZATION_LEVEL = "-O";
				VALIDATE_PRODUCT = YES;
			};
			name = Release;
		};
		035BC5E927B301BF00347740 /* Debug */ = {
			isa = XCBuildConfiguration;
			baseConfigurationReference = FEFF1576C8A301F9545D7F1A /* Pods-CryptoStats.debug.xcconfig */;
			buildSettings = {
				ASSETCATALOG_COMPILER_APPICON_NAME = AppIcon;
				ASSETCATALOG_COMPILER_GLOBAL_ACCENT_COLOR_NAME = AccentColor;
				CODE_SIGN_STYLE = Automatic;
				CURRENT_PROJECT_VERSION = 1;
				DEVELOPMENT_TEAM = ZGCXWM78C4;
				GENERATE_INFOPLIST_FILE = YES;
				INFOPLIST_FILE = CryptoStats/Info.plist;
				INFOPLIST_KEY_UIApplicationSupportsIndirectInputEvents = YES;
				INFOPLIST_KEY_UILaunchStoryboardName = LaunchScreen;
				INFOPLIST_KEY_UISupportedInterfaceOrientations_iPad = "UIInterfaceOrientationPortrait UIInterfaceOrientationPortraitUpsideDown UIInterfaceOrientationLandscapeLeft UIInterfaceOrientationLandscapeRight";
				INFOPLIST_KEY_UISupportedInterfaceOrientations_iPhone = "UIInterfaceOrientationPortrait UIInterfaceOrientationLandscapeLeft UIInterfaceOrientationLandscapeRight";
				IPHONEOS_DEPLOYMENT_TARGET = 14.0;
				LD_RUNPATH_SEARCH_PATHS = (
					"$(inherited)",
					"@executable_path/Frameworks",
				);
				MARKETING_VERSION = 1.0;
				PRODUCT_BUNDLE_IDENTIFIER = max.CryptoStats;
				PRODUCT_NAME = "$(TARGET_NAME)";
				SWIFT_EMIT_LOC_STRINGS = YES;
				SWIFT_VERSION = 5.0;
				TARGETED_DEVICE_FAMILY = "1,2";
			};
			name = Debug;
		};
		035BC5EA27B301BF00347740 /* Release */ = {
			isa = XCBuildConfiguration;
			baseConfigurationReference = BC9989F7124FD620EC5E5135 /* Pods-CryptoStats.release.xcconfig */;
			buildSettings = {
				ASSETCATALOG_COMPILER_APPICON_NAME = AppIcon;
				ASSETCATALOG_COMPILER_GLOBAL_ACCENT_COLOR_NAME = AccentColor;
				CODE_SIGN_STYLE = Automatic;
				CURRENT_PROJECT_VERSION = 1;
				DEVELOPMENT_TEAM = ZGCXWM78C4;
				GENERATE_INFOPLIST_FILE = YES;
				INFOPLIST_FILE = CryptoStats/Info.plist;
				INFOPLIST_KEY_UIApplicationSupportsIndirectInputEvents = YES;
				INFOPLIST_KEY_UILaunchStoryboardName = LaunchScreen;
				INFOPLIST_KEY_UISupportedInterfaceOrientations_iPad = "UIInterfaceOrientationPortrait UIInterfaceOrientationPortraitUpsideDown UIInterfaceOrientationLandscapeLeft UIInterfaceOrientationLandscapeRight";
				INFOPLIST_KEY_UISupportedInterfaceOrientations_iPhone = "UIInterfaceOrientationPortrait UIInterfaceOrientationLandscapeLeft UIInterfaceOrientationLandscapeRight";
				IPHONEOS_DEPLOYMENT_TARGET = 14.0;
				LD_RUNPATH_SEARCH_PATHS = (
					"$(inherited)",
					"@executable_path/Frameworks",
				);
				MARKETING_VERSION = 1.0;
				PRODUCT_BUNDLE_IDENTIFIER = max.CryptoStats;
				PRODUCT_NAME = "$(TARGET_NAME)";
				SWIFT_EMIT_LOC_STRINGS = YES;
				SWIFT_VERSION = 5.0;
				TARGETED_DEVICE_FAMILY = "1,2";
			};
			name = Release;
		};
/* End XCBuildConfiguration section */

/* Begin XCConfigurationList section */
		035BC5CF27B301B900347740 /* Build configuration list for PBXProject "CryptoStats" */ = {
			isa = XCConfigurationList;
			buildConfigurations = (
				035BC5E627B301BF00347740 /* Debug */,
				035BC5E727B301BF00347740 /* Release */,
			);
			defaultConfigurationIsVisible = 0;
			defaultConfigurationName = Release;
		};
		035BC5E827B301BF00347740 /* Build configuration list for PBXNativeTarget "CryptoStats" */ = {
			isa = XCConfigurationList;
			buildConfigurations = (
				035BC5E927B301BF00347740 /* Debug */,
				035BC5EA27B301BF00347740 /* Release */,
			);
			defaultConfigurationIsVisible = 0;
			defaultConfigurationName = Release;
		};
/* End XCConfigurationList section */
	};
	rootObject = 035BC5CC27B301B900347740 /* Project object */;
}
