// !$*UTF8*$!
{
	archiveVersion = 1;
	classes = {
	};
	objectVersion = 55;
	objects = {

/* Begin PBXBuildFile section */
		030AC73627BFD6BA0001D362 /* ColorThemeCollectionViewCell.swift in Sources */ = {isa = PBXBuildFile; fileRef = 030AC73527BFD6BA0001D362 /* ColorThemeCollectionViewCell.swift */; };
		030AC73827BFD6D60001D362 /* ColorThemeCollectionViewModel.swift in Sources */ = {isa = PBXBuildFile; fileRef = 030AC73727BFD6D60001D362 /* ColorThemeCollectionViewModel.swift */; };
		030AC73E27C014C60001D362 /* CollectionCell.swift in Sources */ = {isa = PBXBuildFile; fileRef = 030AC73D27C014C60001D362 /* CollectionCell.swift */; };
		030AC74027C0281C0001D362 /* WalletAssembly.swift in Sources */ = {isa = PBXBuildFile; fileRef = 030AC73F27C0281C0001D362 /* WalletAssembly.swift */; };
		030AC74627C029570001D362 /* WalletViewController.swift in Sources */ = {isa = PBXBuildFile; fileRef = 030AC74527C029570001D362 /* WalletViewController.swift */; };
		030AC74827C029630001D362 /* WalletViewModel.swift in Sources */ = {isa = PBXBuildFile; fileRef = 030AC74727C029630001D362 /* WalletViewModel.swift */; };
		030AC74A27C029CC0001D362 /* WalletCoordinator.swift in Sources */ = {isa = PBXBuildFile; fileRef = 030AC74927C029CC0001D362 /* WalletCoordinator.swift */; };
		0325066727B41156001159F4 /* CoinsTableViewModel.swift in Sources */ = {isa = PBXBuildFile; fileRef = 0325066627B41156001159F4 /* CoinsTableViewModel.swift */; };
		0325066F27B411DE001159F4 /* TableCell.swift in Sources */ = {isa = PBXBuildFile; fileRef = 0325066E27B411DE001159F4 /* TableCell.swift */; };
		0332465527CABD450024175F /* CryptoStats.xcdatamodeld in Sources */ = {isa = PBXBuildFile; fileRef = 0332465327CABD450024175F /* CryptoStats.xcdatamodeld */; };
		0332465B27CABF440024175F /* DataStoreManager.swift in Sources */ = {isa = PBXBuildFile; fileRef = 0332465A27CABF440024175F /* DataStoreManager.swift */; };
		0333931827B837B8000DF486 /* CryptoCoinViewModel.swift in Sources */ = {isa = PBXBuildFile; fileRef = 0333931727B837B8000DF486 /* CryptoCoinViewModel.swift */; };
		0333931A27B85D5E000DF486 /* CryptoCoinCurrentData.swift in Sources */ = {isa = PBXBuildFile; fileRef = 0333931927B85D5E000DF486 /* CryptoCoinCurrentData.swift */; };
		033B65D327B96224008852AF /* SettingsViewModel.swift in Sources */ = {isa = PBXBuildFile; fileRef = 033B65D227B96224008852AF /* SettingsViewModel.swift */; };
		03425B5F27BAE55A0001249F /* CoinsInteractorProtocol.swift in Sources */ = {isa = PBXBuildFile; fileRef = 03425B5E27BAE55A0001249F /* CoinsInteractorProtocol.swift */; };
		0348CE6127B41BD60041B078 /* CoinsInteractor.swift in Sources */ = {isa = PBXBuildFile; fileRef = 0348CE6027B41BD60041B078 /* CoinsInteractor.swift */; };
		0348CE6827B41D080041B078 /* CoinDetailsViewModel.swift in Sources */ = {isa = PBXBuildFile; fileRef = 0348CE6727B41D080041B078 /* CoinDetailsViewModel.swift */; };
		0348CE6B27B420570041B078 /* CryptoCoin.swift in Sources */ = {isa = PBXBuildFile; fileRef = 0348CE6A27B420570041B078 /* CryptoCoin.swift */; };
		034C99AB27BC4E8A0015C51B /* CurrencyPickerViewController.swift in Sources */ = {isa = PBXBuildFile; fileRef = 034C99AA27BC4E8A0015C51B /* CurrencyPickerViewController.swift */; };
		034C99AD27BC4EC90015C51B /* ColorThemePickerViewController.swift in Sources */ = {isa = PBXBuildFile; fileRef = 034C99AC27BC4EC90015C51B /* ColorThemePickerViewController.swift */; };
		034C99AF27BC4FCA0015C51B /* CurrencyPickerViewModel.swift in Sources */ = {isa = PBXBuildFile; fileRef = 034C99AE27BC4FCA0015C51B /* CurrencyPickerViewModel.swift */; };
		034C99B127BC4FDD0015C51B /* ColorThemePickerViewModel.swift in Sources */ = {isa = PBXBuildFile; fileRef = 034C99B027BC4FDD0015C51B /* ColorThemePickerViewModel.swift */; };
		034C99B427BC50FF0015C51B /* SimpleInteractor.swift in Sources */ = {isa = PBXBuildFile; fileRef = 034C99B327BC50FF0015C51B /* SimpleInteractor.swift */; };
		034C99B627BC51080015C51B /* SimpleInteractorProtocol.swift in Sources */ = {isa = PBXBuildFile; fileRef = 034C99B527BC51080015C51B /* SimpleInteractorProtocol.swift */; };
		034DB0F127BBFA41002B3069 /* Label.swift in Sources */ = {isa = PBXBuildFile; fileRef = 034DB0F027BBFA41002B3069 /* Label.swift */; };
		034DB0F427BBFBDD002B3069 /* SettingsCell.swift in Sources */ = {isa = PBXBuildFile; fileRef = 034DB0F227BBFBDD002B3069 /* SettingsCell.swift */; };
		035BC5D827B301B900347740 /* AppDelegate.swift in Sources */ = {isa = PBXBuildFile; fileRef = 035BC5D727B301B900347740 /* AppDelegate.swift */; };
		035BC5DA27B301B900347740 /* SceneDelegate.swift in Sources */ = {isa = PBXBuildFile; fileRef = 035BC5D927B301B900347740 /* SceneDelegate.swift */; };
		035BC5DC27B301B900347740 /* CoinsTableViewController.swift in Sources */ = {isa = PBXBuildFile; fileRef = 035BC5DB27B301B900347740 /* CoinsTableViewController.swift */; };
		035BC5E127B301BF00347740 /* Assets.xcassets in Resources */ = {isa = PBXBuildFile; fileRef = 035BC5E027B301BF00347740 /* Assets.xcassets */; };
		035BC5E427B301BF00347740 /* LaunchScreen.storyboard in Resources */ = {isa = PBXBuildFile; fileRef = 035BC5E227B301BF00347740 /* LaunchScreen.storyboard */; };
		035BC5EF27B3075E00347740 /* SettingsViewController.swift in Sources */ = {isa = PBXBuildFile; fileRef = 035BC5EE27B3075E00347740 /* SettingsViewController.swift */; };
		035BC5F527B30A1000347740 /* CoinsCoordinator.swift in Sources */ = {isa = PBXBuildFile; fileRef = 035BC5F427B30A1000347740 /* CoinsCoordinator.swift */; };
		035BC5F727B30AB900347740 /* Coordinator.swift in Sources */ = {isa = PBXBuildFile; fileRef = 035BC5F627B30AB900347740 /* Coordinator.swift */; };
		035BC5F927B3111100347740 /* SettingsCoordinator.swift in Sources */ = {isa = PBXBuildFile; fileRef = 035BC5F827B3111100347740 /* SettingsCoordinator.swift */; };
		035BC5FB27B3124400347740 /* MainTabBarController.swift in Sources */ = {isa = PBXBuildFile; fileRef = 035BC5FA27B3124400347740 /* MainTabBarController.swift */; };
		035BC5FD27B3160800347740 /* CoinDetailsViewController.swift in Sources */ = {isa = PBXBuildFile; fileRef = 035BC5FC27B3160800347740 /* CoinDetailsViewController.swift */; };
		035BC60127B3165000347740 /* ViewController.swift in Sources */ = {isa = PBXBuildFile; fileRef = 035BC60027B3165000347740 /* ViewController.swift */; };
		035BC60327B3186100347740 /* GeneralClosures.swift in Sources */ = {isa = PBXBuildFile; fileRef = 035BC60227B3186100347740 /* GeneralClosures.swift */; };
		0360E21627CA252700C32E71 /* WalletAddCoinViewController.swift in Sources */ = {isa = PBXBuildFile; fileRef = 0360E21527CA252700C32E71 /* WalletAddCoinViewController.swift */; };
		0360E21827CA253200C32E71 /* WalletAddCoinViewModel.swift in Sources */ = {isa = PBXBuildFile; fileRef = 0360E21727CA253200C32E71 /* WalletAddCoinViewModel.swift */; };
		0360E21A27CA593000C32E71 /* CGSize.swift in Sources */ = {isa = PBXBuildFile; fileRef = 0360E21927CA593000C32E71 /* CGSize.swift */; };
		0360E21D27CA5BCA00C32E71 /* AddCryptoCoinCell.swift in Sources */ = {isa = PBXBuildFile; fileRef = 0360E21C27CA5BCA00C32E71 /* AddCryptoCoinCell.swift */; };
		036CA8D327BCE6D0003F099B /* CurrencyPickerCell.swift in Sources */ = {isa = PBXBuildFile; fileRef = 036CA8D227BCE6D0003F099B /* CurrencyPickerCell.swift */; };
		036CA8D527BCE6E6003F099B /* CurrencyPickerCellViewModel.swift in Sources */ = {isa = PBXBuildFile; fileRef = 036CA8D427BCE6E6003F099B /* CurrencyPickerCellViewModel.swift */; };
		036FC1EA27B7BC8D00DC5518 /* DataRequest.swift in Sources */ = {isa = PBXBuildFile; fileRef = 036FC1E927B7BC8D00DC5518 /* DataRequest.swift */; };
		036FC1EC27B7BCCB00DC5518 /* NetworkService.swift in Sources */ = {isa = PBXBuildFile; fileRef = 036FC1EB27B7BCCB00DC5518 /* NetworkService.swift */; };
		036FC1F127B7BF6900DC5518 /* Requests.swift in Sources */ = {isa = PBXBuildFile; fileRef = 036FC1F027B7BF6900DC5518 /* Requests.swift */; };
		036FC1F327B7D62E00DC5518 /* UIImageView.swift in Sources */ = {isa = PBXBuildFile; fileRef = 036FC1F227B7D62E00DC5518 /* UIImageView.swift */; };
		036FC1F627B7E0A900DC5518 /* CryptoCoinCell.swift in Sources */ = {isa = PBXBuildFile; fileRef = 036FC1F427B7E0A900DC5518 /* CryptoCoinCell.swift */; };
		036FC1F727B7E0A900DC5518 /* CryptoCoinCell.xib in Resources */ = {isa = PBXBuildFile; fileRef = 036FC1F527B7E0A900DC5518 /* CryptoCoinCell.xib */; };
		036FC20227B7F42200DC5518 /* Montserrat-Bold.ttf in Resources */ = {isa = PBXBuildFile; fileRef = 036FC1FC27B7F42200DC5518 /* Montserrat-Bold.ttf */; };
		036FC20327B7F42200DC5518 /* Montserrat-Light.ttf in Resources */ = {isa = PBXBuildFile; fileRef = 036FC1FD27B7F42200DC5518 /* Montserrat-Light.ttf */; };
		036FC20427B7F42200DC5518 /* Montserrat-ExtraBold.ttf in Resources */ = {isa = PBXBuildFile; fileRef = 036FC1FE27B7F42200DC5518 /* Montserrat-ExtraBold.ttf */; };
		036FC20527B7F42200DC5518 /* Montserrat-Medium.ttf in Resources */ = {isa = PBXBuildFile; fileRef = 036FC1FF27B7F42200DC5518 /* Montserrat-Medium.ttf */; };
		036FC20627B7F42200DC5518 /* Montserrat-Regular.ttf in Resources */ = {isa = PBXBuildFile; fileRef = 036FC20027B7F42200DC5518 /* Montserrat-Regular.ttf */; };
		036FC20727B7F42200DC5518 /* Montserrat-SemiBold.ttf in Resources */ = {isa = PBXBuildFile; fileRef = 036FC20127B7F42200DC5518 /* Montserrat-SemiBold.ttf */; };
		036FC20927B7F64B00DC5518 /* UIFont.swift in Sources */ = {isa = PBXBuildFile; fileRef = 036FC20827B7F64B00DC5518 /* UIFont.swift */; };
		036FC20C27B7F66A00DC5518 /* String.swift in Sources */ = {isa = PBXBuildFile; fileRef = 036FC20B27B7F66A00DC5518 /* String.swift */; };
		036FD5C827BB9D7300E11D8B /* SettingsCellViewModel.swift in Sources */ = {isa = PBXBuildFile; fileRef = 036FD5C727BB9D7300E11D8B /* SettingsCellViewModel.swift */; };
		038C9A2727B3B3FA0023CA36 /* Assembly.swift in Sources */ = {isa = PBXBuildFile; fileRef = 038C9A2627B3B3FA0023CA36 /* Assembly.swift */; };
		038C9A2927B3B5D70023CA36 /* CoinsAssembly.swift in Sources */ = {isa = PBXBuildFile; fileRef = 038C9A2827B3B5D70023CA36 /* CoinsAssembly.swift */; };
		038C9A2E27B408E50023CA36 /* SettingsAssembly.swift in Sources */ = {isa = PBXBuildFile; fileRef = 038C9A2D27B408E50023CA36 /* SettingsAssembly.swift */; };
		038C9A3027B40B300023CA36 /* MainCoordinator.swift in Sources */ = {isa = PBXBuildFile; fileRef = 038C9A2F27B40B300023CA36 /* MainCoordinator.swift */; };
		039C531727C95EAB001E3AAB /* WalletViewController.xib in Resources */ = {isa = PBXBuildFile; fileRef = 039C531627C95EAB001E3AAB /* WalletViewController.xib */; };
		039C531927C9609F001E3AAB /* CoinDetailsViewController.xib in Resources */ = {isa = PBXBuildFile; fileRef = 039C531827C9609F001E3AAB /* CoinDetailsViewController.xib */; };
		039C531B27C9628A001E3AAB /* SettingsViewController.xib in Resources */ = {isa = PBXBuildFile; fileRef = 039C531A27C9628A001E3AAB /* SettingsViewController.xib */; };
		039C531D27C963A3001E3AAB /* CurrencyPickerViewController.xib in Resources */ = {isa = PBXBuildFile; fileRef = 039C531C27C963A3001E3AAB /* CurrencyPickerViewController.xib */; };
		039C531F27C963B4001E3AAB /* ColorThemePickerViewController.xib in Resources */ = {isa = PBXBuildFile; fileRef = 039C531E27C963B4001E3AAB /* ColorThemePickerViewController.xib */; };
		039C532127C964BB001E3AAB /* CoinsTableViewController.xib in Resources */ = {isa = PBXBuildFile; fileRef = 039C532027C964BB001E3AAB /* CoinsTableViewController.xib */; };
		039C532627C97416001E3AAB /* WalletCoinCollectionViewCell.swift in Sources */ = {isa = PBXBuildFile; fileRef = 039C532427C97416001E3AAB /* WalletCoinCollectionViewCell.swift */; };
		039C532727C97416001E3AAB /* WalletCoinCollectionViewCell.xib in Resources */ = {isa = PBXBuildFile; fileRef = 039C532527C97416001E3AAB /* WalletCoinCollectionViewCell.xib */; };
		039C532A27C9742C001E3AAB /* WalletInfoCollectionViewCell.swift in Sources */ = {isa = PBXBuildFile; fileRef = 039C532827C9742C001E3AAB /* WalletInfoCollectionViewCell.swift */; };
		039C532B27C9742C001E3AAB /* WalletInfoCollectionViewCell.xib in Resources */ = {isa = PBXBuildFile; fileRef = 039C532927C9742C001E3AAB /* WalletInfoCollectionViewCell.xib */; };
		03C7A6FA27CB84B300E0E6AB /* AddCryptoCoinCellViewModel.swift in Sources */ = {isa = PBXBuildFile; fileRef = 03C7A6F927CB84B300E0E6AB /* AddCryptoCoinCellViewModel.swift */; };
		03C7A6FC27CB996D00E0E6AB /* WalletCoinViewModel.swift in Sources */ = {isa = PBXBuildFile; fileRef = 03C7A6FB27CB996D00E0E6AB /* WalletCoinViewModel.swift */; };
		03C7A6FF27CB99DC00E0E6AB /* CryptoCoinEntity+CoreDataClass.swift in Sources */ = {isa = PBXBuildFile; fileRef = 03C7A6FD27CB99DC00E0E6AB /* CryptoCoinEntity+CoreDataClass.swift */; };
		03C7A70027CB99DC00E0E6AB /* CryptoCoinEntity+CoreDataProperties.swift in Sources */ = {isa = PBXBuildFile; fileRef = 03C7A6FE27CB99DC00E0E6AB /* CryptoCoinEntity+CoreDataProperties.swift */; };
		03C7A70227CBAC3200E0E6AB /* DateFormatter.swift in Sources */ = {isa = PBXBuildFile; fileRef = 03C7A70127CBAC3200E0E6AB /* DateFormatter.swift */; };
		03C7A70427CBB60E00E0E6AB /* WalletInfoViewModel.swift in Sources */ = {isa = PBXBuildFile; fileRef = 03C7A70327CBB60E00E0E6AB /* WalletInfoViewModel.swift */; };
		B2DBCC5F608A1508242C1A1B /* Pods_CryptoStats.framework in Frameworks */ = {isa = PBXBuildFile; fileRef = 27B608CD1698CC75B06C69C2 /* Pods_CryptoStats.framework */; };
/* End PBXBuildFile section */

/* Begin PBXFileReference section */
		030AC73527BFD6BA0001D362 /* ColorThemeCollectionViewCell.swift */ = {isa = PBXFileReference; lastKnownFileType = sourcecode.swift; path = ColorThemeCollectionViewCell.swift; sourceTree = "<group>"; };
		030AC73727BFD6D60001D362 /* ColorThemeCollectionViewModel.swift */ = {isa = PBXFileReference; lastKnownFileType = sourcecode.swift; path = ColorThemeCollectionViewModel.swift; sourceTree = "<group>"; };
		030AC73D27C014C60001D362 /* CollectionCell.swift */ = {isa = PBXFileReference; lastKnownFileType = sourcecode.swift; path = CollectionCell.swift; sourceTree = "<group>"; };
		030AC73F27C0281C0001D362 /* WalletAssembly.swift */ = {isa = PBXFileReference; lastKnownFileType = sourcecode.swift; path = WalletAssembly.swift; sourceTree = "<group>"; };
		030AC74527C029570001D362 /* WalletViewController.swift */ = {isa = PBXFileReference; lastKnownFileType = sourcecode.swift; path = WalletViewController.swift; sourceTree = "<group>"; };
		030AC74727C029630001D362 /* WalletViewModel.swift */ = {isa = PBXFileReference; lastKnownFileType = sourcecode.swift; path = WalletViewModel.swift; sourceTree = "<group>"; };
		030AC74927C029CC0001D362 /* WalletCoordinator.swift */ = {isa = PBXFileReference; lastKnownFileType = sourcecode.swift; path = WalletCoordinator.swift; sourceTree = "<group>"; };
		0325066627B41156001159F4 /* CoinsTableViewModel.swift */ = {isa = PBXFileReference; lastKnownFileType = sourcecode.swift; path = CoinsTableViewModel.swift; sourceTree = "<group>"; };
		0325066E27B411DE001159F4 /* TableCell.swift */ = {isa = PBXFileReference; lastKnownFileType = sourcecode.swift; path = TableCell.swift; sourceTree = "<group>"; };
		0332465427CABD450024175F /* CryptoStats.xcdatamodel */ = {isa = PBXFileReference; lastKnownFileType = wrapper.xcdatamodel; path = CryptoStats.xcdatamodel; sourceTree = "<group>"; };
		0332465A27CABF440024175F /* DataStoreManager.swift */ = {isa = PBXFileReference; fileEncoding = 4; lastKnownFileType = sourcecode.swift; path = DataStoreManager.swift; sourceTree = "<group>"; };
		0333931727B837B8000DF486 /* CryptoCoinViewModel.swift */ = {isa = PBXFileReference; lastKnownFileType = sourcecode.swift; path = CryptoCoinViewModel.swift; sourceTree = "<group>"; };
		0333931927B85D5E000DF486 /* CryptoCoinCurrentData.swift */ = {isa = PBXFileReference; lastKnownFileType = sourcecode.swift; path = CryptoCoinCurrentData.swift; sourceTree = "<group>"; };
		033B65D227B96224008852AF /* SettingsViewModel.swift */ = {isa = PBXFileReference; lastKnownFileType = sourcecode.swift; path = SettingsViewModel.swift; sourceTree = "<group>"; };
		03425B5E27BAE55A0001249F /* CoinsInteractorProtocol.swift */ = {isa = PBXFileReference; lastKnownFileType = sourcecode.swift; path = CoinsInteractorProtocol.swift; sourceTree = "<group>"; };
		0348CE6027B41BD60041B078 /* CoinsInteractor.swift */ = {isa = PBXFileReference; lastKnownFileType = sourcecode.swift; path = CoinsInteractor.swift; sourceTree = "<group>"; };
		0348CE6727B41D080041B078 /* CoinDetailsViewModel.swift */ = {isa = PBXFileReference; lastKnownFileType = sourcecode.swift; path = CoinDetailsViewModel.swift; sourceTree = "<group>"; };
		0348CE6A27B420570041B078 /* CryptoCoin.swift */ = {isa = PBXFileReference; lastKnownFileType = sourcecode.swift; path = CryptoCoin.swift; sourceTree = "<group>"; };
		034C99AA27BC4E8A0015C51B /* CurrencyPickerViewController.swift */ = {isa = PBXFileReference; lastKnownFileType = sourcecode.swift; path = CurrencyPickerViewController.swift; sourceTree = "<group>"; };
		034C99AC27BC4EC90015C51B /* ColorThemePickerViewController.swift */ = {isa = PBXFileReference; lastKnownFileType = sourcecode.swift; path = ColorThemePickerViewController.swift; sourceTree = "<group>"; };
		034C99AE27BC4FCA0015C51B /* CurrencyPickerViewModel.swift */ = {isa = PBXFileReference; lastKnownFileType = sourcecode.swift; path = CurrencyPickerViewModel.swift; sourceTree = "<group>"; };
		034C99B027BC4FDD0015C51B /* ColorThemePickerViewModel.swift */ = {isa = PBXFileReference; lastKnownFileType = sourcecode.swift; path = ColorThemePickerViewModel.swift; sourceTree = "<group>"; };
		034C99B327BC50FF0015C51B /* SimpleInteractor.swift */ = {isa = PBXFileReference; lastKnownFileType = sourcecode.swift; path = SimpleInteractor.swift; sourceTree = "<group>"; };
		034C99B527BC51080015C51B /* SimpleInteractorProtocol.swift */ = {isa = PBXFileReference; lastKnownFileType = sourcecode.swift; path = SimpleInteractorProtocol.swift; sourceTree = "<group>"; };
		034DB0F027BBFA41002B3069 /* Label.swift */ = {isa = PBXFileReference; lastKnownFileType = sourcecode.swift; path = Label.swift; sourceTree = "<group>"; };
		034DB0F227BBFBDD002B3069 /* SettingsCell.swift */ = {isa = PBXFileReference; lastKnownFileType = sourcecode.swift; path = SettingsCell.swift; sourceTree = "<group>"; };
		035BC5D427B301B900347740 /* CryptoStats.app */ = {isa = PBXFileReference; explicitFileType = wrapper.application; includeInIndex = 0; path = CryptoStats.app; sourceTree = BUILT_PRODUCTS_DIR; };
		035BC5D727B301B900347740 /* AppDelegate.swift */ = {isa = PBXFileReference; lastKnownFileType = sourcecode.swift; path = AppDelegate.swift; sourceTree = "<group>"; };
		035BC5D927B301B900347740 /* SceneDelegate.swift */ = {isa = PBXFileReference; lastKnownFileType = sourcecode.swift; path = SceneDelegate.swift; sourceTree = "<group>"; };
		035BC5DB27B301B900347740 /* CoinsTableViewController.swift */ = {isa = PBXFileReference; lastKnownFileType = sourcecode.swift; path = CoinsTableViewController.swift; sourceTree = "<group>"; };
		035BC5E027B301BF00347740 /* Assets.xcassets */ = {isa = PBXFileReference; lastKnownFileType = folder.assetcatalog; path = Assets.xcassets; sourceTree = "<group>"; };
		035BC5E327B301BF00347740 /* Base */ = {isa = PBXFileReference; lastKnownFileType = file.storyboard; name = Base; path = Base.lproj/LaunchScreen.storyboard; sourceTree = "<group>"; };
		035BC5E527B301BF00347740 /* Info.plist */ = {isa = PBXFileReference; lastKnownFileType = text.plist.xml; path = Info.plist; sourceTree = "<group>"; };
		035BC5EE27B3075E00347740 /* SettingsViewController.swift */ = {isa = PBXFileReference; lastKnownFileType = sourcecode.swift; path = SettingsViewController.swift; sourceTree = "<group>"; };
		035BC5F427B30A1000347740 /* CoinsCoordinator.swift */ = {isa = PBXFileReference; lastKnownFileType = sourcecode.swift; path = CoinsCoordinator.swift; sourceTree = "<group>"; };
		035BC5F627B30AB900347740 /* Coordinator.swift */ = {isa = PBXFileReference; lastKnownFileType = sourcecode.swift; path = Coordinator.swift; sourceTree = "<group>"; };
		035BC5F827B3111100347740 /* SettingsCoordinator.swift */ = {isa = PBXFileReference; lastKnownFileType = sourcecode.swift; path = SettingsCoordinator.swift; sourceTree = "<group>"; };
		035BC5FA27B3124400347740 /* MainTabBarController.swift */ = {isa = PBXFileReference; lastKnownFileType = sourcecode.swift; path = MainTabBarController.swift; sourceTree = "<group>"; };
		035BC5FC27B3160800347740 /* CoinDetailsViewController.swift */ = {isa = PBXFileReference; lastKnownFileType = sourcecode.swift; path = CoinDetailsViewController.swift; sourceTree = "<group>"; };
		035BC60027B3165000347740 /* ViewController.swift */ = {isa = PBXFileReference; lastKnownFileType = sourcecode.swift; path = ViewController.swift; sourceTree = "<group>"; };
		035BC60227B3186100347740 /* GeneralClosures.swift */ = {isa = PBXFileReference; lastKnownFileType = sourcecode.swift; path = GeneralClosures.swift; sourceTree = "<group>"; };
		0360E21527CA252700C32E71 /* WalletAddCoinViewController.swift */ = {isa = PBXFileReference; lastKnownFileType = sourcecode.swift; path = WalletAddCoinViewController.swift; sourceTree = "<group>"; };
		0360E21727CA253200C32E71 /* WalletAddCoinViewModel.swift */ = {isa = PBXFileReference; lastKnownFileType = sourcecode.swift; path = WalletAddCoinViewModel.swift; sourceTree = "<group>"; };
		0360E21927CA593000C32E71 /* CGSize.swift */ = {isa = PBXFileReference; lastKnownFileType = sourcecode.swift; path = CGSize.swift; sourceTree = "<group>"; };
		0360E21C27CA5BCA00C32E71 /* AddCryptoCoinCell.swift */ = {isa = PBXFileReference; lastKnownFileType = sourcecode.swift; path = AddCryptoCoinCell.swift; sourceTree = "<group>"; };
		036CA8D227BCE6D0003F099B /* CurrencyPickerCell.swift */ = {isa = PBXFileReference; lastKnownFileType = sourcecode.swift; path = CurrencyPickerCell.swift; sourceTree = "<group>"; };
		036CA8D427BCE6E6003F099B /* CurrencyPickerCellViewModel.swift */ = {isa = PBXFileReference; lastKnownFileType = sourcecode.swift; path = CurrencyPickerCellViewModel.swift; sourceTree = "<group>"; };
		036FC1E927B7BC8D00DC5518 /* DataRequest.swift */ = {isa = PBXFileReference; lastKnownFileType = sourcecode.swift; path = DataRequest.swift; sourceTree = "<group>"; };
		036FC1EB27B7BCCB00DC5518 /* NetworkService.swift */ = {isa = PBXFileReference; lastKnownFileType = sourcecode.swift; path = NetworkService.swift; sourceTree = "<group>"; };
		036FC1F027B7BF6900DC5518 /* Requests.swift */ = {isa = PBXFileReference; lastKnownFileType = sourcecode.swift; path = Requests.swift; sourceTree = "<group>"; };
		036FC1F227B7D62E00DC5518 /* UIImageView.swift */ = {isa = PBXFileReference; lastKnownFileType = sourcecode.swift; path = UIImageView.swift; sourceTree = "<group>"; };
		036FC1F427B7E0A900DC5518 /* CryptoCoinCell.swift */ = {isa = PBXFileReference; lastKnownFileType = sourcecode.swift; path = CryptoCoinCell.swift; sourceTree = "<group>"; };
		036FC1F527B7E0A900DC5518 /* CryptoCoinCell.xib */ = {isa = PBXFileReference; lastKnownFileType = file.xib; path = CryptoCoinCell.xib; sourceTree = "<group>"; };
		036FC1FC27B7F42200DC5518 /* Montserrat-Bold.ttf */ = {isa = PBXFileReference; lastKnownFileType = file; path = "Montserrat-Bold.ttf"; sourceTree = "<group>"; };
		036FC1FD27B7F42200DC5518 /* Montserrat-Light.ttf */ = {isa = PBXFileReference; lastKnownFileType = file; path = "Montserrat-Light.ttf"; sourceTree = "<group>"; };
		036FC1FE27B7F42200DC5518 /* Montserrat-ExtraBold.ttf */ = {isa = PBXFileReference; lastKnownFileType = file; path = "Montserrat-ExtraBold.ttf"; sourceTree = "<group>"; };
		036FC1FF27B7F42200DC5518 /* Montserrat-Medium.ttf */ = {isa = PBXFileReference; lastKnownFileType = file; path = "Montserrat-Medium.ttf"; sourceTree = "<group>"; };
		036FC20027B7F42200DC5518 /* Montserrat-Regular.ttf */ = {isa = PBXFileReference; lastKnownFileType = file; path = "Montserrat-Regular.ttf"; sourceTree = "<group>"; };
		036FC20127B7F42200DC5518 /* Montserrat-SemiBold.ttf */ = {isa = PBXFileReference; lastKnownFileType = file; path = "Montserrat-SemiBold.ttf"; sourceTree = "<group>"; };
		036FC20827B7F64B00DC5518 /* UIFont.swift */ = {isa = PBXFileReference; lastKnownFileType = sourcecode.swift; path = UIFont.swift; sourceTree = "<group>"; };
		036FC20B27B7F66A00DC5518 /* String.swift */ = {isa = PBXFileReference; lastKnownFileType = sourcecode.swift; path = String.swift; sourceTree = "<group>"; };
		036FD5C727BB9D7300E11D8B /* SettingsCellViewModel.swift */ = {isa = PBXFileReference; lastKnownFileType = sourcecode.swift; path = SettingsCellViewModel.swift; sourceTree = "<group>"; };
		038C9A2627B3B3FA0023CA36 /* Assembly.swift */ = {isa = PBXFileReference; lastKnownFileType = sourcecode.swift; path = Assembly.swift; sourceTree = "<group>"; };
		038C9A2827B3B5D70023CA36 /* CoinsAssembly.swift */ = {isa = PBXFileReference; lastKnownFileType = sourcecode.swift; path = CoinsAssembly.swift; sourceTree = "<group>"; };
		038C9A2D27B408E50023CA36 /* SettingsAssembly.swift */ = {isa = PBXFileReference; lastKnownFileType = sourcecode.swift; path = SettingsAssembly.swift; sourceTree = "<group>"; };
		038C9A2F27B40B300023CA36 /* MainCoordinator.swift */ = {isa = PBXFileReference; lastKnownFileType = sourcecode.swift; path = MainCoordinator.swift; sourceTree = "<group>"; };
		039C531627C95EAB001E3AAB /* WalletViewController.xib */ = {isa = PBXFileReference; lastKnownFileType = file.xib; path = WalletViewController.xib; sourceTree = "<group>"; };
		039C531827C9609F001E3AAB /* CoinDetailsViewController.xib */ = {isa = PBXFileReference; lastKnownFileType = file.xib; path = CoinDetailsViewController.xib; sourceTree = "<group>"; };
		039C531A27C9628A001E3AAB /* SettingsViewController.xib */ = {isa = PBXFileReference; lastKnownFileType = file.xib; path = SettingsViewController.xib; sourceTree = "<group>"; };
		039C531C27C963A3001E3AAB /* CurrencyPickerViewController.xib */ = {isa = PBXFileReference; lastKnownFileType = file.xib; path = CurrencyPickerViewController.xib; sourceTree = "<group>"; };
		039C531E27C963B4001E3AAB /* ColorThemePickerViewController.xib */ = {isa = PBXFileReference; lastKnownFileType = file.xib; path = ColorThemePickerViewController.xib; sourceTree = "<group>"; };
		039C532027C964BB001E3AAB /* CoinsTableViewController.xib */ = {isa = PBXFileReference; lastKnownFileType = file.xib; path = CoinsTableViewController.xib; sourceTree = "<group>"; };
		039C532427C97416001E3AAB /* WalletCoinCollectionViewCell.swift */ = {isa = PBXFileReference; lastKnownFileType = sourcecode.swift; path = WalletCoinCollectionViewCell.swift; sourceTree = "<group>"; };
		039C532527C97416001E3AAB /* WalletCoinCollectionViewCell.xib */ = {isa = PBXFileReference; lastKnownFileType = file.xib; path = WalletCoinCollectionViewCell.xib; sourceTree = "<group>"; };
		039C532827C9742C001E3AAB /* WalletInfoCollectionViewCell.swift */ = {isa = PBXFileReference; lastKnownFileType = sourcecode.swift; path = WalletInfoCollectionViewCell.swift; sourceTree = "<group>"; };
		039C532927C9742C001E3AAB /* WalletInfoCollectionViewCell.xib */ = {isa = PBXFileReference; lastKnownFileType = file.xib; path = WalletInfoCollectionViewCell.xib; sourceTree = "<group>"; };
		03C7A6F927CB84B300E0E6AB /* AddCryptoCoinCellViewModel.swift */ = {isa = PBXFileReference; lastKnownFileType = sourcecode.swift; path = AddCryptoCoinCellViewModel.swift; sourceTree = "<group>"; };
		03C7A6FB27CB996D00E0E6AB /* WalletCoinViewModel.swift */ = {isa = PBXFileReference; lastKnownFileType = sourcecode.swift; path = WalletCoinViewModel.swift; sourceTree = "<group>"; };
		03C7A6FD27CB99DC00E0E6AB /* CryptoCoinEntity+CoreDataClass.swift */ = {isa = PBXFileReference; lastKnownFileType = sourcecode.swift; path = "CryptoCoinEntity+CoreDataClass.swift"; sourceTree = SOURCE_ROOT; };
		03C7A6FE27CB99DC00E0E6AB /* CryptoCoinEntity+CoreDataProperties.swift */ = {isa = PBXFileReference; lastKnownFileType = sourcecode.swift; path = "CryptoCoinEntity+CoreDataProperties.swift"; sourceTree = SOURCE_ROOT; };
		03C7A70127CBAC3200E0E6AB /* DateFormatter.swift */ = {isa = PBXFileReference; lastKnownFileType = sourcecode.swift; path = DateFormatter.swift; sourceTree = "<group>"; };
		03C7A70327CBB60E00E0E6AB /* WalletInfoViewModel.swift */ = {isa = PBXFileReference; lastKnownFileType = sourcecode.swift; path = WalletInfoViewModel.swift; sourceTree = "<group>"; };
		27B608CD1698CC75B06C69C2 /* Pods_CryptoStats.framework */ = {isa = PBXFileReference; explicitFileType = wrapper.framework; includeInIndex = 0; path = Pods_CryptoStats.framework; sourceTree = BUILT_PRODUCTS_DIR; };
		BC9989F7124FD620EC5E5135 /* Pods-CryptoStats.release.xcconfig */ = {isa = PBXFileReference; includeInIndex = 1; lastKnownFileType = text.xcconfig; name = "Pods-CryptoStats.release.xcconfig"; path = "Target Support Files/Pods-CryptoStats/Pods-CryptoStats.release.xcconfig"; sourceTree = "<group>"; };
		FEFF1576C8A301F9545D7F1A /* Pods-CryptoStats.debug.xcconfig */ = {isa = PBXFileReference; includeInIndex = 1; lastKnownFileType = text.xcconfig; name = "Pods-CryptoStats.debug.xcconfig"; path = "Target Support Files/Pods-CryptoStats/Pods-CryptoStats.debug.xcconfig"; sourceTree = "<group>"; };
/* End PBXFileReference section */

/* Begin PBXFrameworksBuildPhase section */
		035BC5D127B301B900347740 /* Frameworks */ = {
			isa = PBXFrameworksBuildPhase;
			buildActionMask = 2147483647;
			files = (
				B2DBCC5F608A1508242C1A1B /* Pods_CryptoStats.framework in Frameworks */,
			);
			runOnlyForDeploymentPostprocessing = 0;
		};
/* End PBXFrameworksBuildPhase section */

/* Begin PBXGroup section */
		030AC73427BFD69F0001D362 /* ColorThemeCollectionViewCell */ = {
			isa = PBXGroup;
			children = (
				030AC73527BFD6BA0001D362 /* ColorThemeCollectionViewCell.swift */,
				030AC73727BFD6D60001D362 /* ColorThemeCollectionViewModel.swift */,
			);
			name = ColorThemeCollectionViewCell;
			sourceTree = "<group>";
		};
		030AC74427C029320001D362 /* Wallet */ = {
			isa = PBXGroup;
			children = (
				039C532327C972F8001E3AAB /* WalletCoinCollectionViewCell */,
				039C532227C972A8001E3AAB /* WalletInfoCollectionViewCell */,
				030AC74527C029570001D362 /* WalletViewController.swift */,
				030AC74727C029630001D362 /* WalletViewModel.swift */,
				039C531627C95EAB001E3AAB /* WalletViewController.xib */,
			);
			path = Wallet;
			sourceTree = "<group>";
		};
		0325066527B410D3001159F4 /* CoinsTable */ = {
			isa = PBXGroup;
			children = (
				0325066827B4115F001159F4 /* CryptoCoinCollectionViewCell */,
				035BC5DB27B301B900347740 /* CoinsTableViewController.swift */,
				039C532027C964BB001E3AAB /* CoinsTableViewController.xib */,
				0325066627B41156001159F4 /* CoinsTableViewModel.swift */,
			);
			path = CoinsTable;
			sourceTree = "<group>";
		};
		0325066827B4115F001159F4 /* CryptoCoinCollectionViewCell */ = {
			isa = PBXGroup;
			children = (
				036FC1F427B7E0A900DC5518 /* CryptoCoinCell.swift */,
				036FC1F527B7E0A900DC5518 /* CryptoCoinCell.xib */,
				0333931727B837B8000DF486 /* CryptoCoinViewModel.swift */,
			);
			path = CryptoCoinCollectionViewCell;
			sourceTree = "<group>";
		};
		0325066D27B411C6001159F4 /* BaseClasses */ = {
			isa = PBXGroup;
			children = (
				035BC60027B3165000347740 /* ViewController.swift */,
				0325066E27B411DE001159F4 /* TableCell.swift */,
				034DB0F027BBFA41002B3069 /* Label.swift */,
				030AC73D27C014C60001D362 /* CollectionCell.swift */,
			);
			path = BaseClasses;
			sourceTree = "<group>";
		};
		0332465227CABD310024175F /* CoreData */ = {
			isa = PBXGroup;
			children = (
				03C7A6FD27CB99DC00E0E6AB /* CryptoCoinEntity+CoreDataClass.swift */,
				03C7A6FE27CB99DC00E0E6AB /* CryptoCoinEntity+CoreDataProperties.swift */,
				0332465A27CABF440024175F /* DataStoreManager.swift */,
				0332465327CABD450024175F /* CryptoStats.xcdatamodeld */,
			);
			path = CoreData;
			sourceTree = "<group>";
		};
		03425B5D27BAE54B0001249F /* Coins */ = {
			isa = PBXGroup;
			children = (
				0348CE6027B41BD60041B078 /* CoinsInteractor.swift */,
				03425B5E27BAE55A0001249F /* CoinsInteractorProtocol.swift */,
			);
			path = Coins;
			sourceTree = "<group>";
		};
		0348CE5F27B41BCC0041B078 /* Interactors */ = {
			isa = PBXGroup;
			children = (
				034C99B227BC50EE0015C51B /* Simple */,
				03425B5D27BAE54B0001249F /* Coins */,
			);
			path = Interactors;
			sourceTree = "<group>";
		};
		0348CE6227B41C650041B078 /* Core */ = {
			isa = PBXGroup;
			children = (
				0332465227CABD310024175F /* CoreData */,
				036FC1E827B7BC8300DC5518 /* API */,
				0348CE5F27B41BCC0041B078 /* Interactors */,
				0348CE6427B41CA60041B078 /* Models */,
			);
			path = Core;
			sourceTree = "<group>";
		};
		0348CE6427B41CA60041B078 /* Models */ = {
			isa = PBXGroup;
			children = (
				0348CE6A27B420570041B078 /* CryptoCoin.swift */,
				0333931927B85D5E000DF486 /* CryptoCoinCurrentData.swift */,
			);
			path = Models;
			sourceTree = "<group>";
		};
		0348CE6527B41CDA0041B078 /* Settings */ = {
			isa = PBXGroup;
			children = (
				036FD5C627BB9D5C00E11D8B /* SettingsTableCell */,
				035BC5EE27B3075E00347740 /* SettingsViewController.swift */,
				039C531A27C9628A001E3AAB /* SettingsViewController.xib */,
				033B65D227B96224008852AF /* SettingsViewModel.swift */,
			);
			path = Settings;
			sourceTree = "<group>";
		};
		0348CE6627B41CE40041B078 /* CoinDetails */ = {
			isa = PBXGroup;
			children = (
				035BC5FC27B3160800347740 /* CoinDetailsViewController.swift */,
				039C531827C9609F001E3AAB /* CoinDetailsViewController.xib */,
				0348CE6727B41D080041B078 /* CoinDetailsViewModel.swift */,
			);
			path = CoinDetails;
			sourceTree = "<group>";
		};
		034C99A727BC4E260015C51B /* ColorThemePicker */ = {
			isa = PBXGroup;
			children = (
				030AC73427BFD69F0001D362 /* ColorThemeCollectionViewCell */,
				034C99AC27BC4EC90015C51B /* ColorThemePickerViewController.swift */,
				039C531E27C963B4001E3AAB /* ColorThemePickerViewController.xib */,
				034C99B027BC4FDD0015C51B /* ColorThemePickerViewModel.swift */,
			);
			name = ColorThemePicker;
			sourceTree = "<group>";
		};
		034C99A827BC4E3B0015C51B /* CurrencyPicker */ = {
			isa = PBXGroup;
			children = (
				036CA8D127BCE6B8003F099B /* CurrencyPickerCell */,
				034C99AA27BC4E8A0015C51B /* CurrencyPickerViewController.swift */,
				039C531C27C963A3001E3AAB /* CurrencyPickerViewController.xib */,
				034C99AE27BC4FCA0015C51B /* CurrencyPickerViewModel.swift */,
			);
			path = CurrencyPicker;
			sourceTree = "<group>";
		};
		034C99B227BC50EE0015C51B /* Simple */ = {
			isa = PBXGroup;
			children = (
				034C99B327BC50FF0015C51B /* SimpleInteractor.swift */,
				034C99B527BC51080015C51B /* SimpleInteractorProtocol.swift */,
			);
			path = Simple;
			sourceTree = "<group>";
		};
		035BC5CB27B301B900347740 = {
			isa = PBXGroup;
			children = (
				035BC5D627B301B900347740 /* CryptoStats */,
				035BC5D527B301B900347740 /* Products */,
				C4A966D527D088A43691756C /* Pods */,
				581E885970D83AA8C6D9348C /* Frameworks */,
			);
			sourceTree = "<group>";
		};
		035BC5D527B301B900347740 /* Products */ = {
			isa = PBXGroup;
			children = (
				035BC5D427B301B900347740 /* CryptoStats.app */,
			);
			name = Products;
			sourceTree = "<group>";
		};
		035BC5D627B301B900347740 /* CryptoStats */ = {
			isa = PBXGroup;
			children = (
				035BC5ED27B3024F00347740 /* Screens */,
				035BC5EB27B301CF00347740 /* MainDelegates */,
				035BC5EC27B3024600347740 /* Coordinators */,
				038C9A2527B3B3ED0023CA36 /* Assembly */,
				035BC5F027B307E400347740 /* Protocols */,
				035BC5F127B307F000347740 /* Utils */,
				0348CE6227B41C650041B078 /* Core */,
				035BC5E027B301BF00347740 /* Assets.xcassets */,
				035BC5E227B301BF00347740 /* LaunchScreen.storyboard */,
				035BC5E527B301BF00347740 /* Info.plist */,
			);
			path = CryptoStats;
			sourceTree = "<group>";
		};
		035BC5EB27B301CF00347740 /* MainDelegates */ = {
			isa = PBXGroup;
			children = (
				035BC5D727B301B900347740 /* AppDelegate.swift */,
				035BC5D927B301B900347740 /* SceneDelegate.swift */,
			);
			path = MainDelegates;
			sourceTree = "<group>";
		};
		035BC5EC27B3024600347740 /* Coordinators */ = {
			isa = PBXGroup;
			children = (
				038C9A2F27B40B300023CA36 /* MainCoordinator.swift */,
				035BC5FA27B3124400347740 /* MainTabBarController.swift */,
				035BC5F427B30A1000347740 /* CoinsCoordinator.swift */,
				035BC5F827B3111100347740 /* SettingsCoordinator.swift */,
				030AC74927C029CC0001D362 /* WalletCoordinator.swift */,
			);
			path = Coordinators;
			sourceTree = "<group>";
		};
		035BC5ED27B3024F00347740 /* Screens */ = {
			isa = PBXGroup;
			children = (
				0360E21427CA24F500C32E71 /* WalletAddCoin */,
				030AC74427C029320001D362 /* Wallet */,
				0325066527B410D3001159F4 /* CoinsTable */,
				0348CE6627B41CE40041B078 /* CoinDetails */,
				0348CE6527B41CDA0041B078 /* Settings */,
				034C99A827BC4E3B0015C51B /* CurrencyPicker */,
				034C99A727BC4E260015C51B /* ColorThemePicker */,
			);
			path = Screens;
			sourceTree = "<group>";
		};
		035BC5F027B307E400347740 /* Protocols */ = {
			isa = PBXGroup;
			children = (
				035BC5F627B30AB900347740 /* Coordinator.swift */,
			);
			path = Protocols;
			sourceTree = "<group>";
		};
		035BC5F127B307F000347740 /* Utils */ = {
			isa = PBXGroup;
			children = (
				038C9A2C27B3B7540023CA36 /* UIKit */,
				036FC20A27B7F65700DC5518 /* Foundation */,
				036FC1F827B7F3D000DC5518 /* Fonts */,
				0325066D27B411C6001159F4 /* BaseClasses */,
				035BC60227B3186100347740 /* GeneralClosures.swift */,
			);
			path = Utils;
			sourceTree = "<group>";
		};
		0360E21427CA24F500C32E71 /* WalletAddCoin */ = {
			isa = PBXGroup;
			children = (
				0360E21B27CA5BAE00C32E71 /* CoinTableViewCell */,
				0360E21527CA252700C32E71 /* WalletAddCoinViewController.swift */,
				0360E21727CA253200C32E71 /* WalletAddCoinViewModel.swift */,
			);
			path = WalletAddCoin;
			sourceTree = "<group>";
		};
		0360E21B27CA5BAE00C32E71 /* CoinTableViewCell */ = {
			isa = PBXGroup;
			children = (
				0360E21C27CA5BCA00C32E71 /* AddCryptoCoinCell.swift */,
				03C7A6F927CB84B300E0E6AB /* AddCryptoCoinCellViewModel.swift */,
			);
			path = CoinTableViewCell;
			sourceTree = "<group>";
		};
		036CA8D127BCE6B8003F099B /* CurrencyPickerCell */ = {
			isa = PBXGroup;
			children = (
				036CA8D227BCE6D0003F099B /* CurrencyPickerCell.swift */,
				036CA8D427BCE6E6003F099B /* CurrencyPickerCellViewModel.swift */,
			);
			path = CurrencyPickerCell;
			sourceTree = "<group>";
		};
		036FC1E827B7BC8300DC5518 /* API */ = {
			isa = PBXGroup;
			children = (
				036FC1E927B7BC8D00DC5518 /* DataRequest.swift */,
				036FC1EB27B7BCCB00DC5518 /* NetworkService.swift */,
				036FC1F027B7BF6900DC5518 /* Requests.swift */,
			);
			path = API;
			sourceTree = "<group>";
		};
		036FC1F827B7F3D000DC5518 /* Fonts */ = {
			isa = PBXGroup;
			children = (
				036FC1FB27B7F41200DC5518 /* Montserat */,
			);
			path = Fonts;
			sourceTree = "<group>";
		};
		036FC1FB27B7F41200DC5518 /* Montserat */ = {
			isa = PBXGroup;
			children = (
				036FC1FC27B7F42200DC5518 /* Montserrat-Bold.ttf */,
				036FC1FE27B7F42200DC5518 /* Montserrat-ExtraBold.ttf */,
				036FC1FD27B7F42200DC5518 /* Montserrat-Light.ttf */,
				036FC1FF27B7F42200DC5518 /* Montserrat-Medium.ttf */,
				036FC20027B7F42200DC5518 /* Montserrat-Regular.ttf */,
				036FC20127B7F42200DC5518 /* Montserrat-SemiBold.ttf */,
			);
			path = Montserat;
			sourceTree = "<group>";
		};
		036FC20A27B7F65700DC5518 /* Foundation */ = {
			isa = PBXGroup;
			children = (
				036FC20B27B7F66A00DC5518 /* String.swift */,
				0360E21927CA593000C32E71 /* CGSize.swift */,
				03C7A70127CBAC3200E0E6AB /* DateFormatter.swift */,
			);
			path = Foundation;
			sourceTree = "<group>";
		};
		036FD5C627BB9D5C00E11D8B /* SettingsTableCell */ = {
			isa = PBXGroup;
			children = (
				036FD5C727BB9D7300E11D8B /* SettingsCellViewModel.swift */,
				034DB0F227BBFBDD002B3069 /* SettingsCell.swift */,
			);
			path = SettingsTableCell;
			sourceTree = "<group>";
		};
		038C9A2527B3B3ED0023CA36 /* Assembly */ = {
			isa = PBXGroup;
			children = (
				038C9A2627B3B3FA0023CA36 /* Assembly.swift */,
				038C9A2827B3B5D70023CA36 /* CoinsAssembly.swift */,
				038C9A2D27B408E50023CA36 /* SettingsAssembly.swift */,
				030AC73F27C0281C0001D362 /* WalletAssembly.swift */,
			);
			path = Assembly;
			sourceTree = "<group>";
		};
		038C9A2C27B3B7540023CA36 /* UIKit */ = {
			isa = PBXGroup;
			children = (
				036FC1F227B7D62E00DC5518 /* UIImageView.swift */,
				036FC20827B7F64B00DC5518 /* UIFont.swift */,
			);
			path = UIKit;
			sourceTree = "<group>";
		};
		039C532227C972A8001E3AAB /* WalletInfoCollectionViewCell */ = {
			isa = PBXGroup;
			children = (
				039C532827C9742C001E3AAB /* WalletInfoCollectionViewCell.swift */,
				039C532927C9742C001E3AAB /* WalletInfoCollectionViewCell.xib */,
				03C7A70327CBB60E00E0E6AB /* WalletInfoViewModel.swift */,
			);
			path = WalletInfoCollectionViewCell;
			sourceTree = "<group>";
		};
		039C532327C972F8001E3AAB /* WalletCoinCollectionViewCell */ = {
			isa = PBXGroup;
			children = (
				039C532427C97416001E3AAB /* WalletCoinCollectionViewCell.swift */,
				039C532527C97416001E3AAB /* WalletCoinCollectionViewCell.xib */,
				03C7A6FB27CB996D00E0E6AB /* WalletCoinViewModel.swift */,
			);
			path = WalletCoinCollectionViewCell;
			sourceTree = "<group>";
		};
		581E885970D83AA8C6D9348C /* Frameworks */ = {
			isa = PBXGroup;
			children = (
				27B608CD1698CC75B06C69C2 /* Pods_CryptoStats.framework */,
			);
			name = Frameworks;
			sourceTree = "<group>";
		};
		C4A966D527D088A43691756C /* Pods */ = {
			isa = PBXGroup;
			children = (
				FEFF1576C8A301F9545D7F1A /* Pods-CryptoStats.debug.xcconfig */,
				BC9989F7124FD620EC5E5135 /* Pods-CryptoStats.release.xcconfig */,
			);
			path = Pods;
			sourceTree = "<group>";
		};
/* End PBXGroup section */

/* Begin PBXNativeTarget section */
		035BC5D327B301B900347740 /* CryptoStats */ = {
			isa = PBXNativeTarget;
			buildConfigurationList = 035BC5E827B301BF00347740 /* Build configuration list for PBXNativeTarget "CryptoStats" */;
			buildPhases = (
				1D156F91D04E3001E469C739 /* [CP] Check Pods Manifest.lock */,
				035BC5D027B301B900347740 /* Sources */,
				035BC5D127B301B900347740 /* Frameworks */,
				035BC5D227B301B900347740 /* Resources */,
				AC4BA03D77EDEF0A8A3421EC /* [CP] Embed Pods Frameworks */,
			);
			buildRules = (
			);
			dependencies = (
			);
			name = CryptoStats;
			productName = CryptoStats;
			productReference = 035BC5D427B301B900347740 /* CryptoStats.app */;
			productType = "com.apple.product-type.application";
		};
/* End PBXNativeTarget section */

/* Begin PBXProject section */
		035BC5CC27B301B900347740 /* Project object */ = {
			isa = PBXProject;
			attributes = {
				BuildIndependentTargetsInParallel = 1;
				LastSwiftUpdateCheck = 1310;
				LastUpgradeCheck = 1310;
				TargetAttributes = {
					035BC5D327B301B900347740 = {
						CreatedOnToolsVersion = 13.1;
					};
				};
			};
			buildConfigurationList = 035BC5CF27B301B900347740 /* Build configuration list for PBXProject "CryptoStats" */;
			compatibilityVersion = "Xcode 13.0";
			developmentRegion = en;
			hasScannedForEncodings = 0;
			knownRegions = (
				en,
				Base,
			);
			mainGroup = 035BC5CB27B301B900347740;
			productRefGroup = 035BC5D527B301B900347740 /* Products */;
			projectDirPath = "";
			projectRoot = "";
			targets = (
				035BC5D327B301B900347740 /* CryptoStats */,
			);
		};
/* End PBXProject section */

/* Begin PBXResourcesBuildPhase section */
		035BC5D227B301B900347740 /* Resources */ = {
			isa = PBXResourcesBuildPhase;
			buildActionMask = 2147483647;
			files = (
				039C532127C964BB001E3AAB /* CoinsTableViewController.xib in Resources */,
				039C531B27C9628A001E3AAB /* SettingsViewController.xib in Resources */,
				039C531927C9609F001E3AAB /* CoinDetailsViewController.xib in Resources */,
				039C531D27C963A3001E3AAB /* CurrencyPickerViewController.xib in Resources */,
				039C532727C97416001E3AAB /* WalletCoinCollectionViewCell.xib in Resources */,
				036FC20327B7F42200DC5518 /* Montserrat-Light.ttf in Resources */,
				036FC20727B7F42200DC5518 /* Montserrat-SemiBold.ttf in Resources */,
				036FC1F727B7E0A900DC5518 /* CryptoCoinCell.xib in Resources */,
				036FC20227B7F42200DC5518 /* Montserrat-Bold.ttf in Resources */,
				035BC5E427B301BF00347740 /* LaunchScreen.storyboard in Resources */,
				039C531727C95EAB001E3AAB /* WalletViewController.xib in Resources */,
				036FC20427B7F42200DC5518 /* Montserrat-ExtraBold.ttf in Resources */,
				039C531F27C963B4001E3AAB /* ColorThemePickerViewController.xib in Resources */,
				035BC5E127B301BF00347740 /* Assets.xcassets in Resources */,
				036FC20527B7F42200DC5518 /* Montserrat-Medium.ttf in Resources */,
				036FC20627B7F42200DC5518 /* Montserrat-Regular.ttf in Resources */,
				039C532B27C9742C001E3AAB /* WalletInfoCollectionViewCell.xib in Resources */,
			);
			runOnlyForDeploymentPostprocessing = 0;
		};
/* End PBXResourcesBuildPhase section */

/* Begin PBXShellScriptBuildPhase section */
		1D156F91D04E3001E469C739 /* [CP] Check Pods Manifest.lock */ = {
			isa = PBXShellScriptBuildPhase;
			buildActionMask = 2147483647;
			files = (
			);
			inputFileListPaths = (
			);
			inputPaths = (
				"${PODS_PODFILE_DIR_PATH}/Podfile.lock",
				"${PODS_ROOT}/Manifest.lock",
			);
			name = "[CP] Check Pods Manifest.lock";
			outputFileListPaths = (
			);
			outputPaths = (
				"$(DERIVED_FILE_DIR)/Pods-CryptoStats-checkManifestLockResult.txt",
			);
			runOnlyForDeploymentPostprocessing = 0;
			shellPath = /bin/sh;
			shellScript = "diff \"${PODS_PODFILE_DIR_PATH}/Podfile.lock\" \"${PODS_ROOT}/Manifest.lock\" > /dev/null\nif [ $? != 0 ] ; then\n    # print error to STDERR\n    echo \"error: The sandbox is not in sync with the Podfile.lock. Run 'pod install' or update your CocoaPods installation.\" >&2\n    exit 1\nfi\n# This output is used by Xcode 'outputs' to avoid re-running this script phase.\necho \"SUCCESS\" > \"${SCRIPT_OUTPUT_FILE_0}\"\n";
			showEnvVarsInLog = 0;
		};
		AC4BA03D77EDEF0A8A3421EC /* [CP] Embed Pods Frameworks */ = {
			isa = PBXShellScriptBuildPhase;
			buildActionMask = 2147483647;
			files = (
			);
			inputFileListPaths = (
				"${PODS_ROOT}/Target Support Files/Pods-CryptoStats/Pods-CryptoStats-frameworks-${CONFIGURATION}-input-files.xcfilelist",
			);
			name = "[CP] Embed Pods Frameworks";
			outputFileListPaths = (
				"${PODS_ROOT}/Target Support Files/Pods-CryptoStats/Pods-CryptoStats-frameworks-${CONFIGURATION}-output-files.xcfilelist",
			);
			runOnlyForDeploymentPostprocessing = 0;
			shellPath = /bin/sh;
			shellScript = "\"${PODS_ROOT}/Target Support Files/Pods-CryptoStats/Pods-CryptoStats-frameworks.sh\"\n";
			showEnvVarsInLog = 0;
		};
/* End PBXShellScriptBuildPhase section */

/* Begin PBXSourcesBuildPhase section */
		035BC5D027B301B900347740 /* Sources */ = {
			isa = PBXSourcesBuildPhase;
			buildActionMask = 2147483647;
			files = (
				03C7A70427CBB60E00E0E6AB /* WalletInfoViewModel.swift in Sources */,
				038C9A2927B3B5D70023CA36 /* CoinsAssembly.swift in Sources */,
				035BC5DC27B301B900347740 /* CoinsTableViewController.swift in Sources */,
				0325066F27B411DE001159F4 /* TableCell.swift in Sources */,
				036FC1F327B7D62E00DC5518 /* UIImageView.swift in Sources */,
				034DB0F427BBFBDD002B3069 /* SettingsCell.swift in Sources */,
				036FC20C27B7F66A00DC5518 /* String.swift in Sources */,
				03C7A70027CB99DC00E0E6AB /* CryptoCoinEntity+CoreDataProperties.swift in Sources */,
				038C9A2E27B408E50023CA36 /* SettingsAssembly.swift in Sources */,
				035BC5F927B3111100347740 /* SettingsCoordinator.swift in Sources */,
				0332465527CABD450024175F /* CryptoStats.xcdatamodeld in Sources */,
				036FC1F127B7BF6900DC5518 /* Requests.swift in Sources */,
				033B65D327B96224008852AF /* SettingsViewModel.swift in Sources */,
				030AC74027C0281C0001D362 /* WalletAssembly.swift in Sources */,
				03C7A6FF27CB99DC00E0E6AB /* CryptoCoinEntity+CoreDataClass.swift in Sources */,
				030AC73827BFD6D60001D362 /* ColorThemeCollectionViewModel.swift in Sources */,
				036FC1EC27B7BCCB00DC5518 /* NetworkService.swift in Sources */,
				036FC20927B7F64B00DC5518 /* UIFont.swift in Sources */,
				036FD5C827BB9D7300E11D8B /* SettingsCellViewModel.swift in Sources */,
				0333931827B837B8000DF486 /* CryptoCoinViewModel.swift in Sources */,
				030AC73E27C014C60001D362 /* CollectionCell.swift in Sources */,
				035BC5FD27B3160800347740 /* CoinDetailsViewController.swift in Sources */,
				03C7A6FC27CB996D00E0E6AB /* WalletCoinViewModel.swift in Sources */,
				034DB0F127BBFA41002B3069 /* Label.swift in Sources */,
				0348CE6827B41D080041B078 /* CoinDetailsViewModel.swift in Sources */,
				036FC1F627B7E0A900DC5518 /* CryptoCoinCell.swift in Sources */,
				034C99AD27BC4EC90015C51B /* ColorThemePickerViewController.swift in Sources */,
				036FC1EA27B7BC8D00DC5518 /* DataRequest.swift in Sources */,
				038C9A2727B3B3FA0023CA36 /* Assembly.swift in Sources */,
				0348CE6127B41BD60041B078 /* CoinsInteractor.swift in Sources */,
				034C99B427BC50FF0015C51B /* SimpleInteractor.swift in Sources */,
				038C9A3027B40B300023CA36 /* MainCoordinator.swift in Sources */,
				036CA8D327BCE6D0003F099B /* CurrencyPickerCell.swift in Sources */,
				034C99B127BC4FDD0015C51B /* ColorThemePickerViewModel.swift in Sources */,
				039C532A27C9742C001E3AAB /* WalletInfoCollectionViewCell.swift in Sources */,
				030AC74627C029570001D362 /* WalletViewController.swift in Sources */,
				034C99AB27BC4E8A0015C51B /* CurrencyPickerViewController.swift in Sources */,
				03425B5F27BAE55A0001249F /* CoinsInteractorProtocol.swift in Sources */,
				035BC5FB27B3124400347740 /* MainTabBarController.swift in Sources */,
				0360E21A27CA593000C32E71 /* CGSize.swift in Sources */,
				0360E21627CA252700C32E71 /* WalletAddCoinViewController.swift in Sources */,
				035BC5D827B301B900347740 /* AppDelegate.swift in Sources */,
				030AC73627BFD6BA0001D362 /* ColorThemeCollectionViewCell.swift in Sources */,
				035BC5F527B30A1000347740 /* CoinsCoordinator.swift in Sources */,
				0348CE6B27B420570041B078 /* CryptoCoin.swift in Sources */,
				0325066727B41156001159F4 /* CoinsTableViewModel.swift in Sources */,
				03C7A6FA27CB84B300E0E6AB /* AddCryptoCoinCellViewModel.swift in Sources */,
				035BC60327B3186100347740 /* GeneralClosures.swift in Sources */,
				035BC60127B3165000347740 /* ViewController.swift in Sources */,
				030AC74827C029630001D362 /* WalletViewModel.swift in Sources */,
				0360E21D27CA5BCA00C32E71 /* AddCryptoCoinCell.swift in Sources */,
				034C99AF27BC4FCA0015C51B /* CurrencyPickerViewModel.swift in Sources */,
				035BC5DA27B301B900347740 /* SceneDelegate.swift in Sources */,
				03C7A70227CBAC3200E0E6AB /* DateFormatter.swift in Sources */,
				0333931A27B85D5E000DF486 /* CryptoCoinCurrentData.swift in Sources */,
				035BC5EF27B3075E00347740 /* SettingsViewController.swift in Sources */,
				034C99B627BC51080015C51B /* SimpleInteractorProtocol.swift in Sources */,
				036CA8D527BCE6E6003F099B /* CurrencyPickerCellViewModel.swift in Sources */,
				0360E21827CA253200C32E71 /* WalletAddCoinViewModel.swift in Sources */,
				035BC5F727B30AB900347740 /* Coordinator.swift in Sources */,
				039C532627C97416001E3AAB /* WalletCoinCollectionViewCell.swift in Sources */,
				030AC74A27C029CC0001D362 /* WalletCoordinator.swift in Sources */,
				0332465B27CABF440024175F /* DataStoreManager.swift in Sources */,
			);
			runOnlyForDeploymentPostprocessing = 0;
		};
/* End PBXSourcesBuildPhase section */

/* Begin PBXVariantGroup section */
		035BC5E227B301BF00347740 /* LaunchScreen.storyboard */ = {
			isa = PBXVariantGroup;
			children = (
				035BC5E327B301BF00347740 /* Base */,
			);
			name = LaunchScreen.storyboard;
			sourceTree = "<group>";
		};
/* End PBXVariantGroup section */

/* Begin XCBuildConfiguration section */
		035BC5E627B301BF00347740 /* Debug */ = {
			isa = XCBuildConfiguration;
			buildSettings = {
				ALWAYS_SEARCH_USER_PATHS = NO;
				CLANG_ANALYZER_NONNULL = YES;
				CLANG_ANALYZER_NUMBER_OBJECT_CONVERSION = YES_AGGRESSIVE;
				CLANG_CXX_LANGUAGE_STANDARD = "gnu++17";
				CLANG_CXX_LIBRARY = "libc++";
				CLANG_ENABLE_MODULES = YES;
				CLANG_ENABLE_OBJC_ARC = YES;
				CLANG_ENABLE_OBJC_WEAK = YES;
				CLANG_WARN_BLOCK_CAPTURE_AUTORELEASING = YES;
				CLANG_WARN_BOOL_CONVERSION = YES;
				CLANG_WARN_COMMA = YES;
				CLANG_WARN_CONSTANT_CONVERSION = YES;
				CLANG_WARN_DEPRECATED_OBJC_IMPLEMENTATIONS = YES;
				CLANG_WARN_DIRECT_OBJC_ISA_USAGE = YES_ERROR;
				CLANG_WARN_DOCUMENTATION_COMMENTS = YES;
				CLANG_WARN_EMPTY_BODY = YES;
				CLANG_WARN_ENUM_CONVERSION = YES;
				CLANG_WARN_INFINITE_RECURSION = YES;
				CLANG_WARN_INT_CONVERSION = YES;
				CLANG_WARN_NON_LITERAL_NULL_CONVERSION = YES;
				CLANG_WARN_OBJC_IMPLICIT_RETAIN_SELF = YES;
				CLANG_WARN_OBJC_LITERAL_CONVERSION = YES;
				CLANG_WARN_OBJC_ROOT_CLASS = YES_ERROR;
				CLANG_WARN_QUOTED_INCLUDE_IN_FRAMEWORK_HEADER = YES;
				CLANG_WARN_RANGE_LOOP_ANALYSIS = YES;
				CLANG_WARN_STRICT_PROTOTYPES = YES;
				CLANG_WARN_SUSPICIOUS_MOVE = YES;
				CLANG_WARN_UNGUARDED_AVAILABILITY = YES_AGGRESSIVE;
				CLANG_WARN_UNREACHABLE_CODE = YES;
				CLANG_WARN__DUPLICATE_METHOD_MATCH = YES;
				COPY_PHASE_STRIP = NO;
				DEBUG_INFORMATION_FORMAT = dwarf;
				ENABLE_STRICT_OBJC_MSGSEND = YES;
				ENABLE_TESTABILITY = YES;
				GCC_C_LANGUAGE_STANDARD = gnu11;
				GCC_DYNAMIC_NO_PIC = NO;
				GCC_NO_COMMON_BLOCKS = YES;
				GCC_OPTIMIZATION_LEVEL = 0;
				GCC_PREPROCESSOR_DEFINITIONS = (
					"DEBUG=1",
					"$(inherited)",
				);
				GCC_WARN_64_TO_32_BIT_CONVERSION = YES;
				GCC_WARN_ABOUT_RETURN_TYPE = YES_ERROR;
				GCC_WARN_UNDECLARED_SELECTOR = YES;
				GCC_WARN_UNINITIALIZED_AUTOS = YES_AGGRESSIVE;
				GCC_WARN_UNUSED_FUNCTION = YES;
				GCC_WARN_UNUSED_VARIABLE = YES;
				IPHONEOS_DEPLOYMENT_TARGET = 15.0;
				MTL_ENABLE_DEBUG_INFO = INCLUDE_SOURCE;
				MTL_FAST_MATH = YES;
				ONLY_ACTIVE_ARCH = YES;
				SDKROOT = iphoneos;
				SWIFT_ACTIVE_COMPILATION_CONDITIONS = DEBUG;
				SWIFT_OPTIMIZATION_LEVEL = "-Onone";
			};
			name = Debug;
		};
		035BC5E727B301BF00347740 /* Release */ = {
			isa = XCBuildConfiguration;
			buildSettings = {
				ALWAYS_SEARCH_USER_PATHS = NO;
				CLANG_ANALYZER_NONNULL = YES;
				CLANG_ANALYZER_NUMBER_OBJECT_CONVERSION = YES_AGGRESSIVE;
				CLANG_CXX_LANGUAGE_STANDARD = "gnu++17";
				CLANG_CXX_LIBRARY = "libc++";
				CLANG_ENABLE_MODULES = YES;
				CLANG_ENABLE_OBJC_ARC = YES;
				CLANG_ENABLE_OBJC_WEAK = YES;
				CLANG_WARN_BLOCK_CAPTURE_AUTORELEASING = YES;
				CLANG_WARN_BOOL_CONVERSION = YES;
				CLANG_WARN_COMMA = YES;
				CLANG_WARN_CONSTANT_CONVERSION = YES;
				CLANG_WARN_DEPRECATED_OBJC_IMPLEMENTATIONS = YES;
				CLANG_WARN_DIRECT_OBJC_ISA_USAGE = YES_ERROR;
				CLANG_WARN_DOCUMENTATION_COMMENTS = YES;
				CLANG_WARN_EMPTY_BODY = YES;
				CLANG_WARN_ENUM_CONVERSION = YES;
				CLANG_WARN_INFINITE_RECURSION = YES;
				CLANG_WARN_INT_CONVERSION = YES;
				CLANG_WARN_NON_LITERAL_NULL_CONVERSION = YES;
				CLANG_WARN_OBJC_IMPLICIT_RETAIN_SELF = YES;
				CLANG_WARN_OBJC_LITERAL_CONVERSION = YES;
				CLANG_WARN_OBJC_ROOT_CLASS = YES_ERROR;
				CLANG_WARN_QUOTED_INCLUDE_IN_FRAMEWORK_HEADER = YES;
				CLANG_WARN_RANGE_LOOP_ANALYSIS = YES;
				CLANG_WARN_STRICT_PROTOTYPES = YES;
				CLANG_WARN_SUSPICIOUS_MOVE = YES;
				CLANG_WARN_UNGUARDED_AVAILABILITY = YES_AGGRESSIVE;
				CLANG_WARN_UNREACHABLE_CODE = YES;
				CLANG_WARN__DUPLICATE_METHOD_MATCH = YES;
				COPY_PHASE_STRIP = NO;
				DEBUG_INFORMATION_FORMAT = "dwarf-with-dsym";
				ENABLE_NS_ASSERTIONS = NO;
				ENABLE_STRICT_OBJC_MSGSEND = YES;
				GCC_C_LANGUAGE_STANDARD = gnu11;
				GCC_NO_COMMON_BLOCKS = YES;
				GCC_WARN_64_TO_32_BIT_CONVERSION = YES;
				GCC_WARN_ABOUT_RETURN_TYPE = YES_ERROR;
				GCC_WARN_UNDECLARED_SELECTOR = YES;
				GCC_WARN_UNINITIALIZED_AUTOS = YES_AGGRESSIVE;
				GCC_WARN_UNUSED_FUNCTION = YES;
				GCC_WARN_UNUSED_VARIABLE = YES;
				IPHONEOS_DEPLOYMENT_TARGET = 15.0;
				MTL_ENABLE_DEBUG_INFO = NO;
				MTL_FAST_MATH = YES;
				SDKROOT = iphoneos;
				SWIFT_COMPILATION_MODE = wholemodule;
				SWIFT_OPTIMIZATION_LEVEL = "-O";
				VALIDATE_PRODUCT = YES;
			};
			name = Release;
		};
		035BC5E927B301BF00347740 /* Debug */ = {
			isa = XCBuildConfiguration;
			baseConfigurationReference = FEFF1576C8A301F9545D7F1A /* Pods-CryptoStats.debug.xcconfig */;
			buildSettings = {
				ASSETCATALOG_COMPILER_APPICON_NAME = AppIcon;
				ASSETCATALOG_COMPILER_GLOBAL_ACCENT_COLOR_NAME = AccentColor;
				CODE_SIGN_STYLE = Automatic;
				CURRENT_PROJECT_VERSION = 1;
				DEVELOPMENT_TEAM = ZGCXWM78C4;
				GENERATE_INFOPLIST_FILE = YES;
				INFOPLIST_FILE = CryptoStats/Info.plist;
				INFOPLIST_KEY_UIApplicationSupportsIndirectInputEvents = YES;
				INFOPLIST_KEY_UILaunchStoryboardName = LaunchScreen;
				INFOPLIST_KEY_UISupportedInterfaceOrientations_iPad = "UIInterfaceOrientationPortrait UIInterfaceOrientationPortraitUpsideDown UIInterfaceOrientationLandscapeLeft UIInterfaceOrientationLandscapeRight";
				INFOPLIST_KEY_UISupportedInterfaceOrientations_iPhone = "UIInterfaceOrientationPortrait UIInterfaceOrientationLandscapeLeft UIInterfaceOrientationLandscapeRight";
				IPHONEOS_DEPLOYMENT_TARGET = 14.0;
				LD_RUNPATH_SEARCH_PATHS = (
					"$(inherited)",
					"@executable_path/Frameworks",
				);
				MARKETING_VERSION = 1.0;
				PRODUCT_BUNDLE_IDENTIFIER = max.CryptoStats;
				PRODUCT_NAME = "$(TARGET_NAME)";
				SWIFT_EMIT_LOC_STRINGS = YES;
				SWIFT_VERSION = 5.0;
				TARGETED_DEVICE_FAMILY = "1,2";
			};
			name = Debug;
		};
		035BC5EA27B301BF00347740 /* Release */ = {
			isa = XCBuildConfiguration;
			baseConfigurationReference = BC9989F7124FD620EC5E5135 /* Pods-CryptoStats.release.xcconfig */;
			buildSettings = {
				ASSETCATALOG_COMPILER_APPICON_NAME = AppIcon;
				ASSETCATALOG_COMPILER_GLOBAL_ACCENT_COLOR_NAME = AccentColor;
				CODE_SIGN_STYLE = Automatic;
				CURRENT_PROJECT_VERSION = 1;
				DEVELOPMENT_TEAM = ZGCXWM78C4;
				GENERATE_INFOPLIST_FILE = YES;
				INFOPLIST_FILE = CryptoStats/Info.plist;
				INFOPLIST_KEY_UIApplicationSupportsIndirectInputEvents = YES;
				INFOPLIST_KEY_UILaunchStoryboardName = LaunchScreen;
				INFOPLIST_KEY_UISupportedInterfaceOrientations_iPad = "UIInterfaceOrientationPortrait UIInterfaceOrientationPortraitUpsideDown UIInterfaceOrientationLandscapeLeft UIInterfaceOrientationLandscapeRight";
				INFOPLIST_KEY_UISupportedInterfaceOrientations_iPhone = "UIInterfaceOrientationPortrait UIInterfaceOrientationLandscapeLeft UIInterfaceOrientationLandscapeRight";
				IPHONEOS_DEPLOYMENT_TARGET = 14.0;
				LD_RUNPATH_SEARCH_PATHS = (
					"$(inherited)",
					"@executable_path/Frameworks",
				);
				MARKETING_VERSION = 1.0;
				PRODUCT_BUNDLE_IDENTIFIER = max.CryptoStats;
				PRODUCT_NAME = "$(TARGET_NAME)";
				SWIFT_EMIT_LOC_STRINGS = YES;
				SWIFT_VERSION = 5.0;
				TARGETED_DEVICE_FAMILY = "1,2";
			};
			name = Release;
		};
/* End XCBuildConfiguration section */

/* Begin XCConfigurationList section */
		035BC5CF27B301B900347740 /* Build configuration list for PBXProject "CryptoStats" */ = {
			isa = XCConfigurationList;
			buildConfigurations = (
				035BC5E627B301BF00347740 /* Debug */,
				035BC5E727B301BF00347740 /* Release */,
			);
			defaultConfigurationIsVisible = 0;
			defaultConfigurationName = Release;
		};
		035BC5E827B301BF00347740 /* Build configuration list for PBXNativeTarget "CryptoStats" */ = {
			isa = XCConfigurationList;
			buildConfigurations = (
				035BC5E927B301BF00347740 /* Debug */,
				035BC5EA27B301BF00347740 /* Release */,
			);
			defaultConfigurationIsVisible = 0;
			defaultConfigurationName = Release;
		};
/* End XCConfigurationList section */

/* Begin XCVersionGroup section */
		0332465327CABD450024175F /* CryptoStats.xcdatamodeld */ = {
			isa = XCVersionGroup;
			children = (
				0332465427CABD450024175F /* CryptoStats.xcdatamodel */,
			);
			currentVersion = 0332465427CABD450024175F /* CryptoStats.xcdatamodel */;
			path = CryptoStats.xcdatamodeld;
			sourceTree = "<group>";
			versionGroupType = wrapper.xcdatamodel;
		};
/* End XCVersionGroup section */
	};
	rootObject = 035BC5CC27B301B900347740 /* Project object */;
}
